
Microsoft Visual Studio Solution File, Format Version 12.00
# Visual Studio 14
VisualStudioVersion = 14.0.24720.0
MinimumVisualStudioVersion = 10.0.40219.1
Project("{2150E333-8FDC-42A3-9474-1A3956D46DE8}") = "ThirdParty", "ThirdParty", "{F7BA22B0-A782-4CF5-ACEB-2B1A74076561}"
EndProject
Project("{8BC9CEB8-8B4A-11D0-8D11-00A0C91BC942}") = "LLVMCore", "third_party\llvm\lib\IR\LLVMCore.vcxproj", "{13ED5E63-FCE3-3011-97A9-21C7475F96F6}"
EndProject
Project("{8BC9CEB8-8B4A-11D0-8D11-00A0C91BC942}") = "LLVMExecutionEngine", "third_party\llvm\lib\ExecutionEngine\LLVMExecutionEngine.vcxproj", "{06118C6D-304D-35C6-8ED6-5826EA45C0A7}"
EndProject
Project("{8BC9CEB8-8B4A-11D0-8D11-00A0C91BC942}") = "LLVMInterpreter", "third_party\llvm\lib\ExecutionEngine\Interpreter\LLVMInterpreter.vcxproj", "{6995D21A-35F0-3C22-87D7-791C1AA6A7A8}"
EndProject
Project("{8BC9CEB8-8B4A-11D0-8D11-00A0C91BC942}") = "LLVMMC", "third_party\llvm\lib\MC\LLVMMC.vcxproj", "{C7DEFC7C-EEB0-3915-A249-1D8156A267C9}"
EndProject
Project("{8BC9CEB8-8B4A-11D0-8D11-00A0C91BC942}") = "LLVMSupport", "third_party\llvm\lib\Support\LLVMSupport.vcxproj", "{C8A9CB3F-6D70-3265-99EE-41FD672670AC}"
EndProject
Project("{8BC9CEB8-8B4A-11D0-8D11-00A0C91BC942}") = "LLVMX86CodeGen", "third_party\llvm\lib\Target\X86\LLVMX86CodeGen.vcxproj", "{5D2F760C-4F55-3F19-BB7F-C8C75B5FFA08}"
EndProject
Project("{8BC9CEB8-8B4A-11D0-8D11-00A0C91BC942}") = "LLVMX86Desc", "third_party\llvm\lib\Target\X86\MCTargetDesc\LLVMX86Desc.vcxproj", "{CE96EFB2-1A99-3094-A23A-C0DD0B576E23}"
EndProject
Project("{8BC9CEB8-8B4A-11D0-8D11-00A0C91BC942}") = "LLVMX86Info", "third_party\llvm\lib\Target\X86\TargetInfo\LLVMX86Info.vcxproj", "{4D75D95B-29B7-3DB2-B212-F3BA0971AC1F}"
EndProject
Project("{8BC9CEB8-8B4A-11D0-8D11-00A0C91BC942}") = "LLVMRuntimeDyld", "third_party\llvm\lib\ExecutionEngine\RuntimeDyld\LLVMRuntimeDyld.vcxproj", "{33C7CBF1-CB6B-3D4A-BAB1-E4BAB39F61D7}"
EndProject
Project("{8BC9CEB8-8B4A-11D0-8D11-00A0C91BC942}") = "LLVMMCDisassembler", "third_party\llvm\lib\MC\MCDisassembler\LLVMMCDisassembler.vcxproj", "{B00F028D-43C0-3CCC-B003-1B0E95C14C5D}"
EndProject
Project("{8BC9CEB8-8B4A-11D0-8D11-00A0C91BC942}") = "LLVMAsmPrinter", "third_party\llvm\lib\CodeGen\AsmPrinter\LLVMAsmPrinter.vcxproj", "{3A5C47DD-ADB3-363C-8346-709651489184}"
EndProject
Project("{8BC9CEB8-8B4A-11D0-8D11-00A0C91BC942}") = "LLVMSelectionDAG", "third_party\llvm\lib\CodeGen\SelectionDAG\LLVMSelectionDAG.vcxproj", "{D590EFD1-A2BC-3E97-A765-3A829143D5AD}"
EndProject
Project("{8BC9CEB8-8B4A-11D0-8D11-00A0C91BC942}") = "LLVMCodeGen", "third_party\llvm\lib\CodeGen\LLVMCodeGen.vcxproj", "{A9C541E1-2C96-3523-B7C5-FB63D315275A}"
EndProject
Project("{8BC9CEB8-8B4A-11D0-8D11-00A0C91BC942}") = "LLVMTarget", "third_party\llvm\lib\Target\LLVMTarget.vcxproj", "{B0A7E8E6-9161-34FC-ACC6-8DB9ECE73F97}"
EndProject
Project("{8BC9CEB8-8B4A-11D0-8D11-00A0C91BC942}") = "LLVMInstrumentation", "third_party\llvm\lib\Transforms\Instrumentation\LLVMInstrumentation.vcxproj", "{70C13499-5537-3E58-83D7-8B4D31DF6046}"
EndProject
Project("{8BC9CEB8-8B4A-11D0-8D11-00A0C91BC942}") = "LLVMScalarOpts", "third_party\llvm\lib\Transforms\Scalar\LLVMScalarOpts.vcxproj", "{F661D569-5011-37EC-A8EC-CE290E060853}"
EndProject
Project("{8BC9CEB8-8B4A-11D0-8D11-00A0C91BC942}") = "LLVMInstCombine", "third_party\llvm\lib\Transforms\InstCombine\LLVMInstCombine.vcxproj", "{79039686-51F2-345C-A9F8-D69B65672965}"
EndProject
Project("{8BC9CEB8-8B4A-11D0-8D11-00A0C91BC942}") = "LLVMProfileData", "third_party\llvm\lib\ProfileData\LLVMProfileData.vcxproj", "{074F965A-27C5-3AE7-8E18-41CEE1FD34F3}"
EndProject
Project("{8BC9CEB8-8B4A-11D0-8D11-00A0C91BC942}") = "LLVMObject", "third_party\llvm\lib\Object\LLVMObject.vcxproj", "{6C6B38FA-5EDA-3E4E-8EFA-518C498EE38C}"
EndProject
Project("{8BC9CEB8-8B4A-11D0-8D11-00A0C91BC942}") = "LLVMBitReader", "third_party\llvm\lib\Bitcode\Reader\LLVMBitReader.vcxproj", "{E98F47C7-8814-3DAC-9A18-D04247E000E1}"
EndProject
Project("{8BC9CEB8-8B4A-11D0-8D11-00A0C91BC942}") = "LLVMMCParser", "third_party\llvm\lib\MC\MCParser\LLVMMCParser.vcxproj", "{B10AB739-9826-3D35-B905-348279A99437}"
EndProject
Project("{8BC9CEB8-8B4A-11D0-8D11-00A0C91BC942}") = "LLVMTransformUtils", "third_party\llvm\lib\Transforms\Utils\LLVMTransformUtils.vcxproj", "{F897396E-D2DD-3FB6-BE93-E75A6B24508A}"
EndProject
Project("{8BC9CEB8-8B4A-11D0-8D11-00A0C91BC942}") = "LLVMipa", "third_party\llvm\lib\Analysis\IPA\LLVMipa.vcxproj", "{00536B6C-E82F-33C9-8D0E-4764124044B1}"
EndProject
Project("{8BC9CEB8-8B4A-11D0-8D11-00A0C91BC942}") = "LLVMAnalysis", "third_party\llvm\lib\Analysis\LLVMAnalysis.vcxproj", "{5C9DB07E-5AED-3506-B81F-C72BE137D076}"
EndProject
Project("{8BC9CEB8-8B4A-11D0-8D11-00A0C91BC942}") = "LLVMX86AsmPrinter", "third_party\llvm\lib\Target\X86\InstPrinter\LLVMX86AsmPrinter.vcxproj", "{88B1BC82-C1E9-37A9-9D10-518B8AC5286A}"
EndProject
Project("{8BC9CEB8-8B4A-11D0-8D11-00A0C91BC942}") = "LLVMX86Utils", "third_party\llvm\lib\Target\X86\Utils\LLVMX86Utils.vcxproj", "{F2EF4FAA-87C6-355E-9F44-9E996A8BBE44}"
EndProject
Project("{8BC9CEB8-8B4A-11D0-8D11-00A0C91BC942}") = "intrinsics_gen", "third_party\llvm\include\llvm\IR\intrinsics_gen.vcxproj", "{2B281E68-15FC-3014-85C4-B98DF6F64CCD}"
EndProject
Project("{8BC9CEB8-8B4A-11D0-8D11-00A0C91BC942}") = "X86CommonTableGen", "third_party\llvm\lib\Target\X86\X86CommonTableGen.vcxproj", "{BB12DDD2-DF8F-3352-8317-F371F7355088}"
EndProject
Project("{8BC9CEB8-8B4A-11D0-8D11-00A0C91BC942}") = "llvm-tblgen", "third_party\llvm\utils\TableGen\llvm-tblgen.vcxproj", "{F3E05301-B85F-33A9-B865-4516F917E5E6}"
EndProject
Project("{8BC9CEB8-8B4A-11D0-8D11-00A0C91BC942}") = "LLVMTableGen", "third_party\llvm\lib\TableGen\LLVMTableGen.vcxproj", "{AE2AAF05-6E5E-365F-93E0-3C7EE9133F71}"
EndProject
Project("{8BC9CEB8-8B4A-11D0-8D11-00A0C91BC942}") = "llvm-demo", "src\llvm-demo.vcxproj", "{652AF43A-37D8-4A48-BEF6-A55529DF9334}"
EndProject
Global
	GlobalSection(SolutionConfigurationPlatforms) = preSolution
		Debug|x64 = Debug|x64
		Debug|x86 = Debug|x86
		MinSizeRel|x64 = MinSizeRel|x64
		MinSizeRel|x86 = MinSizeRel|x86
		Release|x64 = Release|x64
		Release|x86 = Release|x86
		RelWithDebInfo|x64 = RelWithDebInfo|x64
		RelWithDebInfo|x86 = RelWithDebInfo|x86
	EndGlobalSection
	GlobalSection(ProjectConfigurationPlatforms) = postSolution
		{13ED5E63-FCE3-3011-97A9-21C7475F96F6}.Debug|x64.ActiveCfg = Debug|Win32
		{13ED5E63-FCE3-3011-97A9-21C7475F96F6}.Debug|x86.ActiveCfg = Debug|Win32
		{13ED5E63-FCE3-3011-97A9-21C7475F96F6}.Debug|x86.Build.0 = Debug|Win32
		{13ED5E63-FCE3-3011-97A9-21C7475F96F6}.MinSizeRel|x64.ActiveCfg = MinSizeRel|Win32
		{13ED5E63-FCE3-3011-97A9-21C7475F96F6}.MinSizeRel|x86.ActiveCfg = MinSizeRel|Win32
		{13ED5E63-FCE3-3011-97A9-21C7475F96F6}.MinSizeRel|x86.Build.0 = MinSizeRel|Win32
		{13ED5E63-FCE3-3011-97A9-21C7475F96F6}.Release|x64.ActiveCfg = Release|Win32
		{13ED5E63-FCE3-3011-97A9-21C7475F96F6}.Release|x86.ActiveCfg = Release|Win32
		{13ED5E63-FCE3-3011-97A9-21C7475F96F6}.Release|x86.Build.0 = Release|Win32
		{13ED5E63-FCE3-3011-97A9-21C7475F96F6}.RelWithDebInfo|x64.ActiveCfg = RelWithDebInfo|Win32
		{13ED5E63-FCE3-3011-97A9-21C7475F96F6}.RelWithDebInfo|x86.ActiveCfg = RelWithDebInfo|Win32
		{13ED5E63-FCE3-3011-97A9-21C7475F96F6}.RelWithDebInfo|x86.Build.0 = RelWithDebInfo|Win32
		{06118C6D-304D-35C6-8ED6-5826EA45C0A7}.Debug|x64.ActiveCfg = Debug|Win32
		{06118C6D-304D-35C6-8ED6-5826EA45C0A7}.Debug|x86.ActiveCfg = Debug|Win32
		{06118C6D-304D-35C6-8ED6-5826EA45C0A7}.Debug|x86.Build.0 = Debug|Win32
		{06118C6D-304D-35C6-8ED6-5826EA45C0A7}.MinSizeRel|x64.ActiveCfg = MinSizeRel|Win32
		{06118C6D-304D-35C6-8ED6-5826EA45C0A7}.MinSizeRel|x86.ActiveCfg = MinSizeRel|Win32
		{06118C6D-304D-35C6-8ED6-5826EA45C0A7}.MinSizeRel|x86.Build.0 = MinSizeRel|Win32
		{06118C6D-304D-35C6-8ED6-5826EA45C0A7}.Release|x64.ActiveCfg = Release|Win32
		{06118C6D-304D-35C6-8ED6-5826EA45C0A7}.Release|x86.ActiveCfg = Release|Win32
		{06118C6D-304D-35C6-8ED6-5826EA45C0A7}.Release|x86.Build.0 = Release|Win32
		{06118C6D-304D-35C6-8ED6-5826EA45C0A7}.RelWithDebInfo|x64.ActiveCfg = RelWithDebInfo|Win32
		{06118C6D-304D-35C6-8ED6-5826EA45C0A7}.RelWithDebInfo|x86.ActiveCfg = RelWithDebInfo|Win32
		{06118C6D-304D-35C6-8ED6-5826EA45C0A7}.RelWithDebInfo|x86.Build.0 = RelWithDebInfo|Win32
		{6995D21A-35F0-3C22-87D7-791C1AA6A7A8}.Debug|x64.ActiveCfg = Debug|Win32
		{6995D21A-35F0-3C22-87D7-791C1AA6A7A8}.Debug|x86.ActiveCfg = Debug|Win32
		{6995D21A-35F0-3C22-87D7-791C1AA6A7A8}.Debug|x86.Build.0 = Debug|Win32
		{6995D21A-35F0-3C22-87D7-791C1AA6A7A8}.MinSizeRel|x64.ActiveCfg = MinSizeRel|Win32
		{6995D21A-35F0-3C22-87D7-791C1AA6A7A8}.MinSizeRel|x86.ActiveCfg = MinSizeRel|Win32
		{6995D21A-35F0-3C22-87D7-791C1AA6A7A8}.MinSizeRel|x86.Build.0 = MinSizeRel|Win32
		{6995D21A-35F0-3C22-87D7-791C1AA6A7A8}.Release|x64.ActiveCfg = Release|Win32
		{6995D21A-35F0-3C22-87D7-791C1AA6A7A8}.Release|x86.ActiveCfg = Release|Win32
		{6995D21A-35F0-3C22-87D7-791C1AA6A7A8}.Release|x86.Build.0 = Release|Win32
		{6995D21A-35F0-3C22-87D7-791C1AA6A7A8}.RelWithDebInfo|x64.ActiveCfg = RelWithDebInfo|Win32
		{6995D21A-35F0-3C22-87D7-791C1AA6A7A8}.RelWithDebInfo|x86.ActiveCfg = RelWithDebInfo|Win32
		{6995D21A-35F0-3C22-87D7-791C1AA6A7A8}.RelWithDebInfo|x86.Build.0 = RelWithDebInfo|Win32
		{C7DEFC7C-EEB0-3915-A249-1D8156A267C9}.Debug|x64.ActiveCfg = Debug|Win32
		{C7DEFC7C-EEB0-3915-A249-1D8156A267C9}.Debug|x86.ActiveCfg = Debug|Win32
		{C7DEFC7C-EEB0-3915-A249-1D8156A267C9}.Debug|x86.Build.0 = Debug|Win32
		{C7DEFC7C-EEB0-3915-A249-1D8156A267C9}.MinSizeRel|x64.ActiveCfg = MinSizeRel|Win32
		{C7DEFC7C-EEB0-3915-A249-1D8156A267C9}.MinSizeRel|x86.ActiveCfg = MinSizeRel|Win32
		{C7DEFC7C-EEB0-3915-A249-1D8156A267C9}.MinSizeRel|x86.Build.0 = MinSizeRel|Win32
		{C7DEFC7C-EEB0-3915-A249-1D8156A267C9}.Release|x64.ActiveCfg = Release|Win32
		{C7DEFC7C-EEB0-3915-A249-1D8156A267C9}.Release|x86.ActiveCfg = Release|Win32
		{C7DEFC7C-EEB0-3915-A249-1D8156A267C9}.Release|x86.Build.0 = Release|Win32
		{C7DEFC7C-EEB0-3915-A249-1D8156A267C9}.RelWithDebInfo|x64.ActiveCfg = RelWithDebInfo|Win32
		{C7DEFC7C-EEB0-3915-A249-1D8156A267C9}.RelWithDebInfo|x86.ActiveCfg = RelWithDebInfo|Win32
		{C7DEFC7C-EEB0-3915-A249-1D8156A267C9}.RelWithDebInfo|x86.Build.0 = RelWithDebInfo|Win32
		{C8A9CB3F-6D70-3265-99EE-41FD672670AC}.Debug|x64.ActiveCfg = Debug|Win32
		{C8A9CB3F-6D70-3265-99EE-41FD672670AC}.Debug|x86.ActiveCfg = Debug|Win32
		{C8A9CB3F-6D70-3265-99EE-41FD672670AC}.Debug|x86.Build.0 = Debug|Win32
		{C8A9CB3F-6D70-3265-99EE-41FD672670AC}.MinSizeRel|x64.ActiveCfg = MinSizeRel|Win32
		{C8A9CB3F-6D70-3265-99EE-41FD672670AC}.MinSizeRel|x86.ActiveCfg = MinSizeRel|Win32
		{C8A9CB3F-6D70-3265-99EE-41FD672670AC}.MinSizeRel|x86.Build.0 = MinSizeRel|Win32
		{C8A9CB3F-6D70-3265-99EE-41FD672670AC}.Release|x64.ActiveCfg = Release|Win32
		{C8A9CB3F-6D70-3265-99EE-41FD672670AC}.Release|x86.ActiveCfg = Release|Win32
		{C8A9CB3F-6D70-3265-99EE-41FD672670AC}.Release|x86.Build.0 = Release|Win32
		{C8A9CB3F-6D70-3265-99EE-41FD672670AC}.RelWithDebInfo|x64.ActiveCfg = RelWithDebInfo|Win32
		{C8A9CB3F-6D70-3265-99EE-41FD672670AC}.RelWithDebInfo|x86.ActiveCfg = RelWithDebInfo|Win32
		{C8A9CB3F-6D70-3265-99EE-41FD672670AC}.RelWithDebInfo|x86.Build.0 = RelWithDebInfo|Win32
		{5D2F760C-4F55-3F19-BB7F-C8C75B5FFA08}.Debug|x64.ActiveCfg = Debug|Win32
		{5D2F760C-4F55-3F19-BB7F-C8C75B5FFA08}.Debug|x86.ActiveCfg = Debug|Win32
		{5D2F760C-4F55-3F19-BB7F-C8C75B5FFA08}.Debug|x86.Build.0 = Debug|Win32
		{5D2F760C-4F55-3F19-BB7F-C8C75B5FFA08}.MinSizeRel|x64.ActiveCfg = MinSizeRel|Win32
		{5D2F760C-4F55-3F19-BB7F-C8C75B5FFA08}.MinSizeRel|x86.ActiveCfg = MinSizeRel|Win32
		{5D2F760C-4F55-3F19-BB7F-C8C75B5FFA08}.MinSizeRel|x86.Build.0 = MinSizeRel|Win32
		{5D2F760C-4F55-3F19-BB7F-C8C75B5FFA08}.Release|x64.ActiveCfg = Release|Win32
		{5D2F760C-4F55-3F19-BB7F-C8C75B5FFA08}.Release|x86.ActiveCfg = Release|Win32
		{5D2F760C-4F55-3F19-BB7F-C8C75B5FFA08}.Release|x86.Build.0 = Release|Win32
		{5D2F760C-4F55-3F19-BB7F-C8C75B5FFA08}.RelWithDebInfo|x64.ActiveCfg = RelWithDebInfo|Win32
		{5D2F760C-4F55-3F19-BB7F-C8C75B5FFA08}.RelWithDebInfo|x86.ActiveCfg = RelWithDebInfo|Win32
		{5D2F760C-4F55-3F19-BB7F-C8C75B5FFA08}.RelWithDebInfo|x86.Build.0 = RelWithDebInfo|Win32
		{CE96EFB2-1A99-3094-A23A-C0DD0B576E23}.Debug|x64.ActiveCfg = Debug|Win32
		{CE96EFB2-1A99-3094-A23A-C0DD0B576E23}.Debug|x86.ActiveCfg = Debug|Win32
		{CE96EFB2-1A99-3094-A23A-C0DD0B576E23}.Debug|x86.Build.0 = Debug|Win32
		{CE96EFB2-1A99-3094-A23A-C0DD0B576E23}.MinSizeRel|x64.ActiveCfg = MinSizeRel|Win32
		{CE96EFB2-1A99-3094-A23A-C0DD0B576E23}.MinSizeRel|x86.ActiveCfg = MinSizeRel|Win32
		{CE96EFB2-1A99-3094-A23A-C0DD0B576E23}.MinSizeRel|x86.Build.0 = MinSizeRel|Win32
		{CE96EFB2-1A99-3094-A23A-C0DD0B576E23}.Release|x64.ActiveCfg = Release|Win32
		{CE96EFB2-1A99-3094-A23A-C0DD0B576E23}.Release|x86.ActiveCfg = Release|Win32
		{CE96EFB2-1A99-3094-A23A-C0DD0B576E23}.Release|x86.Build.0 = Release|Win32
		{CE96EFB2-1A99-3094-A23A-C0DD0B576E23}.RelWithDebInfo|x64.ActiveCfg = RelWithDebInfo|Win32
		{CE96EFB2-1A99-3094-A23A-C0DD0B576E23}.RelWithDebInfo|x86.ActiveCfg = RelWithDebInfo|Win32
		{CE96EFB2-1A99-3094-A23A-C0DD0B576E23}.RelWithDebInfo|x86.Build.0 = RelWithDebInfo|Win32
		{4D75D95B-29B7-3DB2-B212-F3BA0971AC1F}.Debug|x64.ActiveCfg = Debug|Win32
		{4D75D95B-29B7-3DB2-B212-F3BA0971AC1F}.Debug|x86.ActiveCfg = Debug|Win32
		{4D75D95B-29B7-3DB2-B212-F3BA0971AC1F}.Debug|x86.Build.0 = Debug|Win32
		{4D75D95B-29B7-3DB2-B212-F3BA0971AC1F}.MinSizeRel|x64.ActiveCfg = MinSizeRel|Win32
		{4D75D95B-29B7-3DB2-B212-F3BA0971AC1F}.MinSizeRel|x86.ActiveCfg = MinSizeRel|Win32
		{4D75D95B-29B7-3DB2-B212-F3BA0971AC1F}.MinSizeRel|x86.Build.0 = MinSizeRel|Win32
		{4D75D95B-29B7-3DB2-B212-F3BA0971AC1F}.Release|x64.ActiveCfg = Release|Win32
		{4D75D95B-29B7-3DB2-B212-F3BA0971AC1F}.Release|x86.ActiveCfg = Release|Win32
		{4D75D95B-29B7-3DB2-B212-F3BA0971AC1F}.Release|x86.Build.0 = Release|Win32
		{4D75D95B-29B7-3DB2-B212-F3BA0971AC1F}.RelWithDebInfo|x64.ActiveCfg = RelWithDebInfo|Win32
		{4D75D95B-29B7-3DB2-B212-F3BA0971AC1F}.RelWithDebInfo|x86.ActiveCfg = RelWithDebInfo|Win32
		{4D75D95B-29B7-3DB2-B212-F3BA0971AC1F}.RelWithDebInfo|x86.Build.0 = RelWithDebInfo|Win32
		{33C7CBF1-CB6B-3D4A-BAB1-E4BAB39F61D7}.Debug|x64.ActiveCfg = Debug|Win32
		{33C7CBF1-CB6B-3D4A-BAB1-E4BAB39F61D7}.Debug|x86.ActiveCfg = Debug|Win32
		{33C7CBF1-CB6B-3D4A-BAB1-E4BAB39F61D7}.Debug|x86.Build.0 = Debug|Win32
		{33C7CBF1-CB6B-3D4A-BAB1-E4BAB39F61D7}.MinSizeRel|x64.ActiveCfg = MinSizeRel|Win32
		{33C7CBF1-CB6B-3D4A-BAB1-E4BAB39F61D7}.MinSizeRel|x86.ActiveCfg = MinSizeRel|Win32
		{33C7CBF1-CB6B-3D4A-BAB1-E4BAB39F61D7}.MinSizeRel|x86.Build.0 = MinSizeRel|Win32
		{33C7CBF1-CB6B-3D4A-BAB1-E4BAB39F61D7}.Release|x64.ActiveCfg = Release|Win32
		{33C7CBF1-CB6B-3D4A-BAB1-E4BAB39F61D7}.Release|x86.ActiveCfg = Release|Win32
		{33C7CBF1-CB6B-3D4A-BAB1-E4BAB39F61D7}.Release|x86.Build.0 = Release|Win32
		{33C7CBF1-CB6B-3D4A-BAB1-E4BAB39F61D7}.RelWithDebInfo|x64.ActiveCfg = RelWithDebInfo|Win32
		{33C7CBF1-CB6B-3D4A-BAB1-E4BAB39F61D7}.RelWithDebInfo|x86.ActiveCfg = RelWithDebInfo|Win32
		{33C7CBF1-CB6B-3D4A-BAB1-E4BAB39F61D7}.RelWithDebInfo|x86.Build.0 = RelWithDebInfo|Win32
		{B00F028D-43C0-3CCC-B003-1B0E95C14C5D}.Debug|x64.ActiveCfg = Debug|Win32
		{B00F028D-43C0-3CCC-B003-1B0E95C14C5D}.Debug|x86.ActiveCfg = Debug|Win32
		{B00F028D-43C0-3CCC-B003-1B0E95C14C5D}.Debug|x86.Build.0 = Debug|Win32
		{B00F028D-43C0-3CCC-B003-1B0E95C14C5D}.MinSizeRel|x64.ActiveCfg = MinSizeRel|Win32
		{B00F028D-43C0-3CCC-B003-1B0E95C14C5D}.MinSizeRel|x86.ActiveCfg = MinSizeRel|Win32
		{B00F028D-43C0-3CCC-B003-1B0E95C14C5D}.MinSizeRel|x86.Build.0 = MinSizeRel|Win32
		{B00F028D-43C0-3CCC-B003-1B0E95C14C5D}.Release|x64.ActiveCfg = Release|Win32
		{B00F028D-43C0-3CCC-B003-1B0E95C14C5D}.Release|x86.ActiveCfg = Release|Win32
		{B00F028D-43C0-3CCC-B003-1B0E95C14C5D}.Release|x86.Build.0 = Release|Win32
		{B00F028D-43C0-3CCC-B003-1B0E95C14C5D}.RelWithDebInfo|x64.ActiveCfg = RelWithDebInfo|Win32
		{B00F028D-43C0-3CCC-B003-1B0E95C14C5D}.RelWithDebInfo|x86.ActiveCfg = RelWithDebInfo|Win32
		{B00F028D-43C0-3CCC-B003-1B0E95C14C5D}.RelWithDebInfo|x86.Build.0 = RelWithDebInfo|Win32
		{3A5C47DD-ADB3-363C-8346-709651489184}.Debug|x64.ActiveCfg = Debug|Win32
		{3A5C47DD-ADB3-363C-8346-709651489184}.Debug|x86.ActiveCfg = Debug|Win32
		{3A5C47DD-ADB3-363C-8346-709651489184}.Debug|x86.Build.0 = Debug|Win32
		{3A5C47DD-ADB3-363C-8346-709651489184}.MinSizeRel|x64.ActiveCfg = MinSizeRel|Win32
		{3A5C47DD-ADB3-363C-8346-709651489184}.MinSizeRel|x86.ActiveCfg = MinSizeRel|Win32
		{3A5C47DD-ADB3-363C-8346-709651489184}.MinSizeRel|x86.Build.0 = MinSizeRel|Win32
		{3A5C47DD-ADB3-363C-8346-709651489184}.Release|x64.ActiveCfg = Release|Win32
		{3A5C47DD-ADB3-363C-8346-709651489184}.Release|x86.ActiveCfg = Release|Win32
		{3A5C47DD-ADB3-363C-8346-709651489184}.Release|x86.Build.0 = Release|Win32
		{3A5C47DD-ADB3-363C-8346-709651489184}.RelWithDebInfo|x64.ActiveCfg = RelWithDebInfo|Win32
		{3A5C47DD-ADB3-363C-8346-709651489184}.RelWithDebInfo|x86.ActiveCfg = RelWithDebInfo|Win32
		{3A5C47DD-ADB3-363C-8346-709651489184}.RelWithDebInfo|x86.Build.0 = RelWithDebInfo|Win32
		{D590EFD1-A2BC-3E97-A765-3A829143D5AD}.Debug|x64.ActiveCfg = Debug|Win32
		{D590EFD1-A2BC-3E97-A765-3A829143D5AD}.Debug|x86.ActiveCfg = Debug|Win32
		{D590EFD1-A2BC-3E97-A765-3A829143D5AD}.Debug|x86.Build.0 = Debug|Win32
		{D590EFD1-A2BC-3E97-A765-3A829143D5AD}.MinSizeRel|x64.ActiveCfg = MinSizeRel|Win32
		{D590EFD1-A2BC-3E97-A765-3A829143D5AD}.MinSizeRel|x86.ActiveCfg = MinSizeRel|Win32
		{D590EFD1-A2BC-3E97-A765-3A829143D5AD}.MinSizeRel|x86.Build.0 = MinSizeRel|Win32
		{D590EFD1-A2BC-3E97-A765-3A829143D5AD}.Release|x64.ActiveCfg = Release|Win32
		{D590EFD1-A2BC-3E97-A765-3A829143D5AD}.Release|x86.ActiveCfg = Release|Win32
		{D590EFD1-A2BC-3E97-A765-3A829143D5AD}.Release|x86.Build.0 = Release|Win32
		{D590EFD1-A2BC-3E97-A765-3A829143D5AD}.RelWithDebInfo|x64.ActiveCfg = RelWithDebInfo|Win32
		{D590EFD1-A2BC-3E97-A765-3A829143D5AD}.RelWithDebInfo|x86.ActiveCfg = RelWithDebInfo|Win32
		{D590EFD1-A2BC-3E97-A765-3A829143D5AD}.RelWithDebInfo|x86.Build.0 = RelWithDebInfo|Win32
		{A9C541E1-2C96-3523-B7C5-FB63D315275A}.Debug|x64.ActiveCfg = Debug|Win32
		{A9C541E1-2C96-3523-B7C5-FB63D315275A}.Debug|x86.ActiveCfg = Debug|Win32
		{A9C541E1-2C96-3523-B7C5-FB63D315275A}.Debug|x86.Build.0 = Debug|Win32
		{A9C541E1-2C96-3523-B7C5-FB63D315275A}.MinSizeRel|x64.ActiveCfg = MinSizeRel|Win32
		{A9C541E1-2C96-3523-B7C5-FB63D315275A}.MinSizeRel|x86.ActiveCfg = MinSizeRel|Win32
		{A9C541E1-2C96-3523-B7C5-FB63D315275A}.MinSizeRel|x86.Build.0 = MinSizeRel|Win32
		{A9C541E1-2C96-3523-B7C5-FB63D315275A}.Release|x64.ActiveCfg = Release|Win32
		{A9C541E1-2C96-3523-B7C5-FB63D315275A}.Release|x86.ActiveCfg = Release|Win32
		{A9C541E1-2C96-3523-B7C5-FB63D315275A}.Release|x86.Build.0 = Release|Win32
		{A9C541E1-2C96-3523-B7C5-FB63D315275A}.RelWithDebInfo|x64.ActiveCfg = RelWithDebInfo|Win32
		{A9C541E1-2C96-3523-B7C5-FB63D315275A}.RelWithDebInfo|x86.ActiveCfg = RelWithDebInfo|Win32
		{A9C541E1-2C96-3523-B7C5-FB63D315275A}.RelWithDebInfo|x86.Build.0 = RelWithDebInfo|Win32
		{B0A7E8E6-9161-34FC-ACC6-8DB9ECE73F97}.Debug|x64.ActiveCfg = Debug|Win32
		{B0A7E8E6-9161-34FC-ACC6-8DB9ECE73F97}.Debug|x86.ActiveCfg = Debug|Win32
		{B0A7E8E6-9161-34FC-ACC6-8DB9ECE73F97}.Debug|x86.Build.0 = Debug|Win32
		{B0A7E8E6-9161-34FC-ACC6-8DB9ECE73F97}.MinSizeRel|x64.ActiveCfg = MinSizeRel|Win32
		{B0A7E8E6-9161-34FC-ACC6-8DB9ECE73F97}.MinSizeRel|x86.ActiveCfg = MinSizeRel|Win32
		{B0A7E8E6-9161-34FC-ACC6-8DB9ECE73F97}.MinSizeRel|x86.Build.0 = MinSizeRel|Win32
		{B0A7E8E6-9161-34FC-ACC6-8DB9ECE73F97}.Release|x64.ActiveCfg = Release|Win32
		{B0A7E8E6-9161-34FC-ACC6-8DB9ECE73F97}.Release|x86.ActiveCfg = Release|Win32
		{B0A7E8E6-9161-34FC-ACC6-8DB9ECE73F97}.Release|x86.Build.0 = Release|Win32
		{B0A7E8E6-9161-34FC-ACC6-8DB9ECE73F97}.RelWithDebInfo|x64.ActiveCfg = RelWithDebInfo|Win32
		{B0A7E8E6-9161-34FC-ACC6-8DB9ECE73F97}.RelWithDebInfo|x86.ActiveCfg = RelWithDebInfo|Win32
		{B0A7E8E6-9161-34FC-ACC6-8DB9ECE73F97}.RelWithDebInfo|x86.Build.0 = RelWithDebInfo|Win32
		{70C13499-5537-3E58-83D7-8B4D31DF6046}.Debug|x64.ActiveCfg = Debug|Win32
		{70C13499-5537-3E58-83D7-8B4D31DF6046}.Debug|x86.ActiveCfg = Debug|Win32
		{70C13499-5537-3E58-83D7-8B4D31DF6046}.Debug|x86.Build.0 = Debug|Win32
		{70C13499-5537-3E58-83D7-8B4D31DF6046}.MinSizeRel|x64.ActiveCfg = MinSizeRel|Win32
		{70C13499-5537-3E58-83D7-8B4D31DF6046}.MinSizeRel|x86.ActiveCfg = MinSizeRel|Win32
		{70C13499-5537-3E58-83D7-8B4D31DF6046}.MinSizeRel|x86.Build.0 = MinSizeRel|Win32
		{70C13499-5537-3E58-83D7-8B4D31DF6046}.Release|x64.ActiveCfg = Release|Win32
		{70C13499-5537-3E58-83D7-8B4D31DF6046}.Release|x86.ActiveCfg = Release|Win32
		{70C13499-5537-3E58-83D7-8B4D31DF6046}.Release|x86.Build.0 = Release|Win32
		{70C13499-5537-3E58-83D7-8B4D31DF6046}.RelWithDebInfo|x64.ActiveCfg = RelWithDebInfo|Win32
		{70C13499-5537-3E58-83D7-8B4D31DF6046}.RelWithDebInfo|x86.ActiveCfg = RelWithDebInfo|Win32
		{70C13499-5537-3E58-83D7-8B4D31DF6046}.RelWithDebInfo|x86.Build.0 = RelWithDebInfo|Win32
		{F661D569-5011-37EC-A8EC-CE290E060853}.Debug|x64.ActiveCfg = Debug|Win32
		{F661D569-5011-37EC-A8EC-CE290E060853}.Debug|x86.ActiveCfg = Debug|Win32
		{F661D569-5011-37EC-A8EC-CE290E060853}.Debug|x86.Build.0 = Debug|Win32
		{F661D569-5011-37EC-A8EC-CE290E060853}.MinSizeRel|x64.ActiveCfg = MinSizeRel|Win32
		{F661D569-5011-37EC-A8EC-CE290E060853}.MinSizeRel|x86.ActiveCfg = MinSizeRel|Win32
		{F661D569-5011-37EC-A8EC-CE290E060853}.MinSizeRel|x86.Build.0 = MinSizeRel|Win32
		{F661D569-5011-37EC-A8EC-CE290E060853}.Release|x64.ActiveCfg = Release|Win32
		{F661D569-5011-37EC-A8EC-CE290E060853}.Release|x86.ActiveCfg = Release|Win32
		{F661D569-5011-37EC-A8EC-CE290E060853}.Release|x86.Build.0 = Release|Win32
		{F661D569-5011-37EC-A8EC-CE290E060853}.RelWithDebInfo|x64.ActiveCfg = RelWithDebInfo|Win32
		{F661D569-5011-37EC-A8EC-CE290E060853}.RelWithDebInfo|x86.ActiveCfg = RelWithDebInfo|Win32
		{F661D569-5011-37EC-A8EC-CE290E060853}.RelWithDebInfo|x86.Build.0 = RelWithDebInfo|Win32
		{79039686-51F2-345C-A9F8-D69B65672965}.Debug|x64.ActiveCfg = Debug|Win32
		{79039686-51F2-345C-A9F8-D69B65672965}.Debug|x86.ActiveCfg = Debug|Win32
		{79039686-51F2-345C-A9F8-D69B65672965}.Debug|x86.Build.0 = Debug|Win32
		{79039686-51F2-345C-A9F8-D69B65672965}.MinSizeRel|x64.ActiveCfg = MinSizeRel|Win32
		{79039686-51F2-345C-A9F8-D69B65672965}.MinSizeRel|x86.ActiveCfg = MinSizeRel|Win32
		{79039686-51F2-345C-A9F8-D69B65672965}.MinSizeRel|x86.Build.0 = MinSizeRel|Win32
		{79039686-51F2-345C-A9F8-D69B65672965}.Release|x64.ActiveCfg = Release|Win32
		{79039686-51F2-345C-A9F8-D69B65672965}.Release|x86.ActiveCfg = Release|Win32
		{79039686-51F2-345C-A9F8-D69B65672965}.Release|x86.Build.0 = Release|Win32
		{79039686-51F2-345C-A9F8-D69B65672965}.RelWithDebInfo|x64.ActiveCfg = RelWithDebInfo|Win32
		{79039686-51F2-345C-A9F8-D69B65672965}.RelWithDebInfo|x86.ActiveCfg = RelWithDebInfo|Win32
		{79039686-51F2-345C-A9F8-D69B65672965}.RelWithDebInfo|x86.Build.0 = RelWithDebInfo|Win32
		{074F965A-27C5-3AE7-8E18-41CEE1FD34F3}.Debug|x64.ActiveCfg = Debug|Win32
		{074F965A-27C5-3AE7-8E18-41CEE1FD34F3}.Debug|x86.ActiveCfg = Debug|Win32
		{074F965A-27C5-3AE7-8E18-41CEE1FD34F3}.Debug|x86.Build.0 = Debug|Win32
		{074F965A-27C5-3AE7-8E18-41CEE1FD34F3}.MinSizeRel|x64.ActiveCfg = MinSizeRel|Win32
		{074F965A-27C5-3AE7-8E18-41CEE1FD34F3}.MinSizeRel|x86.ActiveCfg = MinSizeRel|Win32
		{074F965A-27C5-3AE7-8E18-41CEE1FD34F3}.MinSizeRel|x86.Build.0 = MinSizeRel|Win32
		{074F965A-27C5-3AE7-8E18-41CEE1FD34F3}.Release|x64.ActiveCfg = Release|Win32
		{074F965A-27C5-3AE7-8E18-41CEE1FD34F3}.Release|x86.ActiveCfg = Release|Win32
		{074F965A-27C5-3AE7-8E18-41CEE1FD34F3}.Release|x86.Build.0 = Release|Win32
		{074F965A-27C5-3AE7-8E18-41CEE1FD34F3}.RelWithDebInfo|x64.ActiveCfg = RelWithDebInfo|Win32
		{074F965A-27C5-3AE7-8E18-41CEE1FD34F3}.RelWithDebInfo|x86.ActiveCfg = RelWithDebInfo|Win32
		{074F965A-27C5-3AE7-8E18-41CEE1FD34F3}.RelWithDebInfo|x86.Build.0 = RelWithDebInfo|Win32
		{6C6B38FA-5EDA-3E4E-8EFA-518C498EE38C}.Debug|x64.ActiveCfg = Debug|Win32
		{6C6B38FA-5EDA-3E4E-8EFA-518C498EE38C}.Debug|x86.ActiveCfg = Debug|Win32
		{6C6B38FA-5EDA-3E4E-8EFA-518C498EE38C}.Debug|x86.Build.0 = Debug|Win32
		{6C6B38FA-5EDA-3E4E-8EFA-518C498EE38C}.MinSizeRel|x64.ActiveCfg = MinSizeRel|Win32
		{6C6B38FA-5EDA-3E4E-8EFA-518C498EE38C}.MinSizeRel|x86.ActiveCfg = MinSizeRel|Win32
		{6C6B38FA-5EDA-3E4E-8EFA-518C498EE38C}.MinSizeRel|x86.Build.0 = MinSizeRel|Win32
		{6C6B38FA-5EDA-3E4E-8EFA-518C498EE38C}.Release|x64.ActiveCfg = Release|Win32
		{6C6B38FA-5EDA-3E4E-8EFA-518C498EE38C}.Release|x86.ActiveCfg = Release|Win32
		{6C6B38FA-5EDA-3E4E-8EFA-518C498EE38C}.Release|x86.Build.0 = Release|Win32
		{6C6B38FA-5EDA-3E4E-8EFA-518C498EE38C}.RelWithDebInfo|x64.ActiveCfg = RelWithDebInfo|Win32
		{6C6B38FA-5EDA-3E4E-8EFA-518C498EE38C}.RelWithDebInfo|x86.ActiveCfg = RelWithDebInfo|Win32
		{6C6B38FA-5EDA-3E4E-8EFA-518C498EE38C}.RelWithDebInfo|x86.Build.0 = RelWithDebInfo|Win32
		{E98F47C7-8814-3DAC-9A18-D04247E000E1}.Debug|x64.ActiveCfg = Debug|Win32
		{E98F47C7-8814-3DAC-9A18-D04247E000E1}.Debug|x86.ActiveCfg = Debug|Win32
		{E98F47C7-8814-3DAC-9A18-D04247E000E1}.Debug|x86.Build.0 = Debug|Win32
		{E98F47C7-8814-3DAC-9A18-D04247E000E1}.MinSizeRel|x64.ActiveCfg = MinSizeRel|Win32
		{E98F47C7-8814-3DAC-9A18-D04247E000E1}.MinSizeRel|x86.ActiveCfg = MinSizeRel|Win32
		{E98F47C7-8814-3DAC-9A18-D04247E000E1}.MinSizeRel|x86.Build.0 = MinSizeRel|Win32
		{E98F47C7-8814-3DAC-9A18-D04247E000E1}.Release|x64.ActiveCfg = Release|Win32
		{E98F47C7-8814-3DAC-9A18-D04247E000E1}.Release|x86.ActiveCfg = Release|Win32
		{E98F47C7-8814-3DAC-9A18-D04247E000E1}.Release|x86.Build.0 = Release|Win32
		{E98F47C7-8814-3DAC-9A18-D04247E000E1}.RelWithDebInfo|x64.ActiveCfg = RelWithDebInfo|Win32
		{E98F47C7-8814-3DAC-9A18-D04247E000E1}.RelWithDebInfo|x86.ActiveCfg = RelWithDebInfo|Win32
		{E98F47C7-8814-3DAC-9A18-D04247E000E1}.RelWithDebInfo|x86.Build.0 = RelWithDebInfo|Win32
		{B10AB739-9826-3D35-B905-348279A99437}.Debug|x64.ActiveCfg = Debug|Win32
		{B10AB739-9826-3D35-B905-348279A99437}.Debug|x86.ActiveCfg = Debug|Win32
		{B10AB739-9826-3D35-B905-348279A99437}.Debug|x86.Build.0 = Debug|Win32
		{B10AB739-9826-3D35-B905-348279A99437}.MinSizeRel|x64.ActiveCfg = MinSizeRel|Win32
		{B10AB739-9826-3D35-B905-348279A99437}.MinSizeRel|x86.ActiveCfg = MinSizeRel|Win32
		{B10AB739-9826-3D35-B905-348279A99437}.MinSizeRel|x86.Build.0 = MinSizeRel|Win32
		{B10AB739-9826-3D35-B905-348279A99437}.Release|x64.ActiveCfg = Release|Win32
		{B10AB739-9826-3D35-B905-348279A99437}.Release|x86.ActiveCfg = Release|Win32
		{B10AB739-9826-3D35-B905-348279A99437}.Release|x86.Build.0 = Release|Win32
		{B10AB739-9826-3D35-B905-348279A99437}.RelWithDebInfo|x64.ActiveCfg = RelWithDebInfo|Win32
		{B10AB739-9826-3D35-B905-348279A99437}.RelWithDebInfo|x86.ActiveCfg = RelWithDebInfo|Win32
		{B10AB739-9826-3D35-B905-348279A99437}.RelWithDebInfo|x86.Build.0 = RelWithDebInfo|Win32
		{F897396E-D2DD-3FB6-BE93-E75A6B24508A}.Debug|x64.ActiveCfg = Debug|Win32
		{F897396E-D2DD-3FB6-BE93-E75A6B24508A}.Debug|x86.ActiveCfg = Debug|Win32
		{F897396E-D2DD-3FB6-BE93-E75A6B24508A}.Debug|x86.Build.0 = Debug|Win32
		{F897396E-D2DD-3FB6-BE93-E75A6B24508A}.MinSizeRel|x64.ActiveCfg = MinSizeRel|Win32
		{F897396E-D2DD-3FB6-BE93-E75A6B24508A}.MinSizeRel|x86.ActiveCfg = MinSizeRel|Win32
		{F897396E-D2DD-3FB6-BE93-E75A6B24508A}.MinSizeRel|x86.Build.0 = MinSizeRel|Win32
		{F897396E-D2DD-3FB6-BE93-E75A6B24508A}.Release|x64.ActiveCfg = Release|Win32
		{F897396E-D2DD-3FB6-BE93-E75A6B24508A}.Release|x86.ActiveCfg = Release|Win32
		{F897396E-D2DD-3FB6-BE93-E75A6B24508A}.Release|x86.Build.0 = Release|Win32
		{F897396E-D2DD-3FB6-BE93-E75A6B24508A}.RelWithDebInfo|x64.ActiveCfg = RelWithDebInfo|Win32
		{F897396E-D2DD-3FB6-BE93-E75A6B24508A}.RelWithDebInfo|x86.ActiveCfg = RelWithDebInfo|Win32
		{F897396E-D2DD-3FB6-BE93-E75A6B24508A}.RelWithDebInfo|x86.Build.0 = RelWithDebInfo|Win32
		{00536B6C-E82F-33C9-8D0E-4764124044B1}.Debug|x64.ActiveCfg = Debug|Win32
		{00536B6C-E82F-33C9-8D0E-4764124044B1}.Debug|x86.ActiveCfg = Debug|Win32
		{00536B6C-E82F-33C9-8D0E-4764124044B1}.Debug|x86.Build.0 = Debug|Win32
		{00536B6C-E82F-33C9-8D0E-4764124044B1}.MinSizeRel|x64.ActiveCfg = MinSizeRel|Win32
		{00536B6C-E82F-33C9-8D0E-4764124044B1}.MinSizeRel|x86.ActiveCfg = MinSizeRel|Win32
		{00536B6C-E82F-33C9-8D0E-4764124044B1}.MinSizeRel|x86.Build.0 = MinSizeRel|Win32
		{00536B6C-E82F-33C9-8D0E-4764124044B1}.Release|x64.ActiveCfg = Release|Win32
		{00536B6C-E82F-33C9-8D0E-4764124044B1}.Release|x86.ActiveCfg = Release|Win32
		{00536B6C-E82F-33C9-8D0E-4764124044B1}.Release|x86.Build.0 = Release|Win32
		{00536B6C-E82F-33C9-8D0E-4764124044B1}.RelWithDebInfo|x64.ActiveCfg = RelWithDebInfo|Win32
		{00536B6C-E82F-33C9-8D0E-4764124044B1}.RelWithDebInfo|x86.ActiveCfg = RelWithDebInfo|Win32
		{00536B6C-E82F-33C9-8D0E-4764124044B1}.RelWithDebInfo|x86.Build.0 = RelWithDebInfo|Win32
		{5C9DB07E-5AED-3506-B81F-C72BE137D076}.Debug|x64.ActiveCfg = Debug|Win32
		{5C9DB07E-5AED-3506-B81F-C72BE137D076}.Debug|x86.ActiveCfg = Debug|Win32
		{5C9DB07E-5AED-3506-B81F-C72BE137D076}.Debug|x86.Build.0 = Debug|Win32
		{5C9DB07E-5AED-3506-B81F-C72BE137D076}.MinSizeRel|x64.ActiveCfg = MinSizeRel|Win32
		{5C9DB07E-5AED-3506-B81F-C72BE137D076}.MinSizeRel|x86.ActiveCfg = MinSizeRel|Win32
		{5C9DB07E-5AED-3506-B81F-C72BE137D076}.MinSizeRel|x86.Build.0 = MinSizeRel|Win32
		{5C9DB07E-5AED-3506-B81F-C72BE137D076}.Release|x64.ActiveCfg = Release|Win32
		{5C9DB07E-5AED-3506-B81F-C72BE137D076}.Release|x86.ActiveCfg = Release|Win32
		{5C9DB07E-5AED-3506-B81F-C72BE137D076}.Release|x86.Build.0 = Release|Win32
		{5C9DB07E-5AED-3506-B81F-C72BE137D076}.RelWithDebInfo|x64.ActiveCfg = RelWithDebInfo|Win32
		{5C9DB07E-5AED-3506-B81F-C72BE137D076}.RelWithDebInfo|x86.ActiveCfg = RelWithDebInfo|Win32
		{5C9DB07E-5AED-3506-B81F-C72BE137D076}.RelWithDebInfo|x86.Build.0 = RelWithDebInfo|Win32
		{88B1BC82-C1E9-37A9-9D10-518B8AC5286A}.Debug|x64.ActiveCfg = Debug|Win32
		{88B1BC82-C1E9-37A9-9D10-518B8AC5286A}.Debug|x86.ActiveCfg = Debug|Win32
		{88B1BC82-C1E9-37A9-9D10-518B8AC5286A}.Debug|x86.Build.0 = Debug|Win32
		{88B1BC82-C1E9-37A9-9D10-518B8AC5286A}.MinSizeRel|x64.ActiveCfg = MinSizeRel|Win32
		{88B1BC82-C1E9-37A9-9D10-518B8AC5286A}.MinSizeRel|x86.ActiveCfg = MinSizeRel|Win32
		{88B1BC82-C1E9-37A9-9D10-518B8AC5286A}.MinSizeRel|x86.Build.0 = MinSizeRel|Win32
		{88B1BC82-C1E9-37A9-9D10-518B8AC5286A}.Release|x64.ActiveCfg = Release|Win32
		{88B1BC82-C1E9-37A9-9D10-518B8AC5286A}.Release|x86.ActiveCfg = Release|Win32
		{88B1BC82-C1E9-37A9-9D10-518B8AC5286A}.Release|x86.Build.0 = Release|Win32
		{88B1BC82-C1E9-37A9-9D10-518B8AC5286A}.RelWithDebInfo|x64.ActiveCfg = RelWithDebInfo|Win32
		{88B1BC82-C1E9-37A9-9D10-518B8AC5286A}.RelWithDebInfo|x86.ActiveCfg = RelWithDebInfo|Win32
		{88B1BC82-C1E9-37A9-9D10-518B8AC5286A}.RelWithDebInfo|x86.Build.0 = RelWithDebInfo|Win32
		{F2EF4FAA-87C6-355E-9F44-9E996A8BBE44}.Debug|x64.ActiveCfg = Debug|Win32
		{F2EF4FAA-87C6-355E-9F44-9E996A8BBE44}.Debug|x86.ActiveCfg = Debug|Win32
		{F2EF4FAA-87C6-355E-9F44-9E996A8BBE44}.Debug|x86.Build.0 = Debug|Win32
		{F2EF4FAA-87C6-355E-9F44-9E996A8BBE44}.MinSizeRel|x64.ActiveCfg = MinSizeRel|Win32
		{F2EF4FAA-87C6-355E-9F44-9E996A8BBE44}.MinSizeRel|x86.ActiveCfg = MinSizeRel|Win32
		{F2EF4FAA-87C6-355E-9F44-9E996A8BBE44}.MinSizeRel|x86.Build.0 = MinSizeRel|Win32
		{F2EF4FAA-87C6-355E-9F44-9E996A8BBE44}.Release|x64.ActiveCfg = Release|Win32
		{F2EF4FAA-87C6-355E-9F44-9E996A8BBE44}.Release|x86.ActiveCfg = Release|Win32
		{F2EF4FAA-87C6-355E-9F44-9E996A8BBE44}.Release|x86.Build.0 = Release|Win32
		{F2EF4FAA-87C6-355E-9F44-9E996A8BBE44}.RelWithDebInfo|x64.ActiveCfg = RelWithDebInfo|Win32
		{F2EF4FAA-87C6-355E-9F44-9E996A8BBE44}.RelWithDebInfo|x86.ActiveCfg = RelWithDebInfo|Win32
		{F2EF4FAA-87C6-355E-9F44-9E996A8BBE44}.RelWithDebInfo|x86.Build.0 = RelWithDebInfo|Win32
		{2B281E68-15FC-3014-85C4-B98DF6F64CCD}.Debug|x64.ActiveCfg = Debug|Win32
		{2B281E68-15FC-3014-85C4-B98DF6F64CCD}.Debug|x86.ActiveCfg = Debug|Win32
		{2B281E68-15FC-3014-85C4-B98DF6F64CCD}.Debug|x86.Build.0 = Debug|Win32
		{2B281E68-15FC-3014-85C4-B98DF6F64CCD}.MinSizeRel|x64.ActiveCfg = MinSizeRel|Win32
		{2B281E68-15FC-3014-85C4-B98DF6F64CCD}.MinSizeRel|x86.ActiveCfg = MinSizeRel|Win32
		{2B281E68-15FC-3014-85C4-B98DF6F64CCD}.MinSizeRel|x86.Build.0 = MinSizeRel|Win32
		{2B281E68-15FC-3014-85C4-B98DF6F64CCD}.Release|x64.ActiveCfg = Release|Win32
		{2B281E68-15FC-3014-85C4-B98DF6F64CCD}.Release|x86.ActiveCfg = Release|Win32
		{2B281E68-15FC-3014-85C4-B98DF6F64CCD}.Release|x86.Build.0 = Release|Win32
		{2B281E68-15FC-3014-85C4-B98DF6F64CCD}.RelWithDebInfo|x64.ActiveCfg = RelWithDebInfo|Win32
		{2B281E68-15FC-3014-85C4-B98DF6F64CCD}.RelWithDebInfo|x86.ActiveCfg = RelWithDebInfo|Win32
		{2B281E68-15FC-3014-85C4-B98DF6F64CCD}.RelWithDebInfo|x86.Build.0 = RelWithDebInfo|Win32
		{BB12DDD2-DF8F-3352-8317-F371F7355088}.Debug|x64.ActiveCfg = Debug|Win32
		{BB12DDD2-DF8F-3352-8317-F371F7355088}.Debug|x86.ActiveCfg = Debug|Win32
		{BB12DDD2-DF8F-3352-8317-F371F7355088}.Debug|x86.Build.0 = Debug|Win32
		{BB12DDD2-DF8F-3352-8317-F371F7355088}.MinSizeRel|x64.ActiveCfg = MinSizeRel|Win32
		{BB12DDD2-DF8F-3352-8317-F371F7355088}.MinSizeRel|x86.ActiveCfg = MinSizeRel|Win32
		{BB12DDD2-DF8F-3352-8317-F371F7355088}.MinSizeRel|x86.Build.0 = MinSizeRel|Win32
		{BB12DDD2-DF8F-3352-8317-F371F7355088}.Release|x64.ActiveCfg = Release|Win32
		{BB12DDD2-DF8F-3352-8317-F371F7355088}.Release|x86.ActiveCfg = Release|Win32
		{BB12DDD2-DF8F-3352-8317-F371F7355088}.Release|x86.Build.0 = Release|Win32
		{BB12DDD2-DF8F-3352-8317-F371F7355088}.RelWithDebInfo|x64.ActiveCfg = RelWithDebInfo|Win32
		{BB12DDD2-DF8F-3352-8317-F371F7355088}.RelWithDebInfo|x86.ActiveCfg = RelWithDebInfo|Win32
		{BB12DDD2-DF8F-3352-8317-F371F7355088}.RelWithDebInfo|x86.Build.0 = RelWithDebInfo|Win32
		{F3E05301-B85F-33A9-B865-4516F917E5E6}.Debug|x64.ActiveCfg = Debug|Win32
		{F3E05301-B85F-33A9-B865-4516F917E5E6}.Debug|x86.ActiveCfg = Debug|Win32
		{F3E05301-B85F-33A9-B865-4516F917E5E6}.Debug|x86.Build.0 = Debug|Win32
		{F3E05301-B85F-33A9-B865-4516F917E5E6}.MinSizeRel|x64.ActiveCfg = MinSizeRel|Win32
		{F3E05301-B85F-33A9-B865-4516F917E5E6}.MinSizeRel|x86.ActiveCfg = MinSizeRel|Win32
		{F3E05301-B85F-33A9-B865-4516F917E5E6}.MinSizeRel|x86.Build.0 = MinSizeRel|Win32
		{F3E05301-B85F-33A9-B865-4516F917E5E6}.Release|x64.ActiveCfg = Release|Win32
		{F3E05301-B85F-33A9-B865-4516F917E5E6}.Release|x86.ActiveCfg = Release|Win32
		{F3E05301-B85F-33A9-B865-4516F917E5E6}.Release|x86.Build.0 = Release|Win32
		{F3E05301-B85F-33A9-B865-4516F917E5E6}.RelWithDebInfo|x64.ActiveCfg = RelWithDebInfo|Win32
		{F3E05301-B85F-33A9-B865-4516F917E5E6}.RelWithDebInfo|x86.ActiveCfg = RelWithDebInfo|Win32
		{F3E05301-B85F-33A9-B865-4516F917E5E6}.RelWithDebInfo|x86.Build.0 = RelWithDebInfo|Win32
		{AE2AAF05-6E5E-365F-93E0-3C7EE9133F71}.Debug|x64.ActiveCfg = Debug|Win32
		{AE2AAF05-6E5E-365F-93E0-3C7EE9133F71}.Debug|x86.ActiveCfg = Debug|Win32
		{AE2AAF05-6E5E-365F-93E0-3C7EE9133F71}.Debug|x86.Build.0 = Debug|Win32
		{AE2AAF05-6E5E-365F-93E0-3C7EE9133F71}.MinSizeRel|x64.ActiveCfg = MinSizeRel|Win32
		{AE2AAF05-6E5E-365F-93E0-3C7EE9133F71}.MinSizeRel|x86.ActiveCfg = MinSizeRel|Win32
		{AE2AAF05-6E5E-365F-93E0-3C7EE9133F71}.MinSizeRel|x86.Build.0 = MinSizeRel|Win32
		{AE2AAF05-6E5E-365F-93E0-3C7EE9133F71}.Release|x64.ActiveCfg = Release|Win32
		{AE2AAF05-6E5E-365F-93E0-3C7EE9133F71}.Release|x86.ActiveCfg = Release|Win32
		{AE2AAF05-6E5E-365F-93E0-3C7EE9133F71}.Release|x86.Build.0 = Release|Win32
		{AE2AAF05-6E5E-365F-93E0-3C7EE9133F71}.RelWithDebInfo|x64.ActiveCfg = RelWithDebInfo|Win32
		{AE2AAF05-6E5E-365F-93E0-3C7EE9133F71}.RelWithDebInfo|x86.ActiveCfg = RelWithDebInfo|Win32
		{AE2AAF05-6E5E-365F-93E0-3C7EE9133F71}.RelWithDebInfo|x86.Build.0 = RelWithDebInfo|Win32
		{652AF43A-37D8-4A48-BEF6-A55529DF9334}.Debug|x64.ActiveCfg = Debug|x64
		{652AF43A-37D8-4A48-BEF6-A55529DF9334}.Debug|x64.Build.0 = Debug|x64
		{652AF43A-37D8-4A48-BEF6-A55529DF9334}.Debug|x86.ActiveCfg = Debug|Win32
		{652AF43A-37D8-4A48-BEF6-A55529DF9334}.Debug|x86.Build.0 = Debug|Win32
		{652AF43A-37D8-4A48-BEF6-A55529DF9334}.MinSizeRel|x64.ActiveCfg = Release|x64
		{652AF43A-37D8-4A48-BEF6-A55529DF9334}.MinSizeRel|x64.Build.0 = Release|x64
		{652AF43A-37D8-4A48-BEF6-A55529DF9334}.MinSizeRel|x86.ActiveCfg = Release|Win32
		{652AF43A-37D8-4A48-BEF6-A55529DF9334}.MinSizeRel|x86.Build.0 = Release|Win32
		{652AF43A-37D8-4A48-BEF6-A55529DF9334}.Release|x64.ActiveCfg = Release|x64
		{652AF43A-37D8-4A48-BEF6-A55529DF9334}.Release|x64.Build.0 = Release|x64
		{652AF43A-37D8-4A48-BEF6-A55529DF9334}.Release|x86.ActiveCfg = Release|Win32
		{652AF43A-37D8-4A48-BEF6-A55529DF9334}.Release|x86.Build.0 = Release|Win32
		{652AF43A-37D8-4A48-BEF6-A55529DF9334}.RelWithDebInfo|x64.ActiveCfg = Release|x64
		{652AF43A-37D8-4A48-BEF6-A55529DF9334}.RelWithDebInfo|x64.Build.0 = Release|x64
		{652AF43A-37D8-4A48-BEF6-A55529DF9334}.RelWithDebInfo|x86.ActiveCfg = Release|Win32
		{652AF43A-37D8-4A48-BEF6-A55529DF9334}.RelWithDebInfo|x86.Build.0 = Release|Win32
	EndGlobalSection
	GlobalSection(SolutionProperties) = preSolution
		HideSolutionNode = FALSE
	EndGlobalSection
	GlobalSection(NestedProjects) = preSolution
		{13ED5E63-FCE3-3011-97A9-21C7475F96F6} = {F7BA22B0-A782-4CF5-ACEB-2B1A74076561}
		{06118C6D-304D-35C6-8ED6-5826EA45C0A7} = {F7BA22B0-A782-4CF5-ACEB-2B1A74076561}
		{6995D21A-35F0-3C22-87D7-791C1AA6A7A8} = {F7BA22B0-A782-4CF5-ACEB-2B1A74076561}
		{C7DEFC7C-EEB0-3915-A249-1D8156A267C9} = {F7BA22B0-A782-4CF5-ACEB-2B1A74076561}
		{C8A9CB3F-6D70-3265-99EE-41FD672670AC} = {F7BA22B0-A782-4CF5-ACEB-2B1A74076561}
		{5D2F760C-4F55-3F19-BB7F-C8C75B5FFA08} = {F7BA22B0-A782-4CF5-ACEB-2B1A74076561}
		{CE96EFB2-1A99-3094-A23A-C0DD0B576E23} = {F7BA22B0-A782-4CF5-ACEB-2B1A74076561}
		{4D75D95B-29B7-3DB2-B212-F3BA0971AC1F} = {F7BA22B0-A782-4CF5-ACEB-2B1A74076561}
		{33C7CBF1-CB6B-3D4A-BAB1-E4BAB39F61D7} = {F7BA22B0-A782-4CF5-ACEB-2B1A74076561}
		{B00F028D-43C0-3CCC-B003-1B0E95C14C5D} = {F7BA22B0-A782-4CF5-ACEB-2B1A74076561}
		{3A5C47DD-ADB3-363C-8346-709651489184} = {F7BA22B0-A782-4CF5-ACEB-2B1A74076561}
		{D590EFD1-A2BC-3E97-A765-3A829143D5AD} = {F7BA22B0-A782-4CF5-ACEB-2B1A74076561}
		{A9C541E1-2C96-3523-B7C5-FB63D315275A} = {F7BA22B0-A782-4CF5-ACEB-2B1A74076561}
		{B0A7E8E6-9161-34FC-ACC6-8DB9ECE73F97} = {F7BA22B0-A782-4CF5-ACEB-2B1A74076561}
		{70C13499-5537-3E58-83D7-8B4D31DF6046} = {F7BA22B0-A782-4CF5-ACEB-2B1A74076561}
		{F661D569-5011-37EC-A8EC-CE290E060853} = {F7BA22B0-A782-4CF5-ACEB-2B1A74076561}
		{79039686-51F2-345C-A9F8-D69B65672965} = {F7BA22B0-A782-4CF5-ACEB-2B1A74076561}
		{074F965A-27C5-3AE7-8E18-41CEE1FD34F3} = {F7BA22B0-A782-4CF5-ACEB-2B1A74076561}
		{6C6B38FA-5EDA-3E4E-8EFA-518C498EE38C} = {F7BA22B0-A782-4CF5-ACEB-2B1A74076561}
		{E98F47C7-8814-3DAC-9A18-D04247E000E1} = {F7BA22B0-A782-4CF5-ACEB-2B1A74076561}
		{B10AB739-9826-3D35-B905-348279A99437} = {F7BA22B0-A782-4CF5-ACEB-2B1A74076561}
		{F897396E-D2DD-3FB6-BE93-E75A6B24508A} = {F7BA22B0-A782-4CF5-ACEB-2B1A74076561}
		{00536B6C-E82F-33C9-8D0E-4764124044B1} = {F7BA22B0-A782-4CF5-ACEB-2B1A74076561}
		{5C9DB07E-5AED-3506-B81F-C72BE137D076} = {F7BA22B0-A782-4CF5-ACEB-2B1A74076561}
		{88B1BC82-C1E9-37A9-9D10-518B8AC5286A} = {F7BA22B0-A782-4CF5-ACEB-2B1A74076561}
		{F2EF4FAA-87C6-355E-9F44-9E996A8BBE44} = {F7BA22B0-A782-4CF5-ACEB-2B1A74076561}
		{2B281E68-15FC-3014-85C4-B98DF6F64CCD} = {F7BA22B0-A782-4CF5-ACEB-2B1A74076561}
		{BB12DDD2-DF8F-3352-8317-F371F7355088} = {F7BA22B0-A782-4CF5-ACEB-2B1A74076561}
		{F3E05301-B85F-33A9-B865-4516F917E5E6} = {F7BA22B0-A782-4CF5-ACEB-2B1A74076561}
		{AE2AAF05-6E5E-365F-93E0-3C7EE9133F71} = {F7BA22B0-A782-4CF5-ACEB-2B1A74076561}
	EndGlobalSection
EndGlobal
