
Microsoft Visual Studio Solution File, Format Version 12.00
# Visual Studio 14
VisualStudioVersion = 14.0.24720.0
MinimumVisualStudioVersion = 10.0.40219.1
Project("{2150E333-8FDC-42A3-9474-1A3956D46DE8}") = "ThirdParty", "ThirdParty", "{F7BA22B0-A782-4CF5-ACEB-2B1A74076561}"
EndProject
Project("{8BC9CEB8-8B4A-11D0-8D11-00A0C91BC942}") = "LLVMCore", "third_party\llvm\build\lib\IR\LLVMCore.vcxproj", "{60356310-C182-3EC7-B17D-B49B4208147E}"
	ProjectSection(ProjectDependencies) = postProject
		{EB8FC781-9B9D-3707-A507-63615BA3ACC3} = {EB8FC781-9B9D-3707-A507-63615BA3ACC3}
	EndProjectSection
EndProject
Project("{8BC9CEB8-8B4A-11D0-8D11-00A0C91BC942}") = "LLVMExecutionEngine", "third_party\llvm\build\lib\ExecutionEngine\LLVMExecutionEngine.vcxproj", "{2AAA74CE-5626-3267-A454-11F1035F8D36}"
	ProjectSection(ProjectDependencies) = postProject
		{EB8FC781-9B9D-3707-A507-63615BA3ACC3} = {EB8FC781-9B9D-3707-A507-63615BA3ACC3}
	EndProjectSection
EndProject
Project("{8BC9CEB8-8B4A-11D0-8D11-00A0C91BC942}") = "LLVMInterpreter", "third_party\llvm\build\lib\ExecutionEngine\Interpreter\LLVMInterpreter.vcxproj", "{BED31B07-DE5E-350C-B93B-F8C985CF84F3}"
	ProjectSection(ProjectDependencies) = postProject
		{EB8FC781-9B9D-3707-A507-63615BA3ACC3} = {EB8FC781-9B9D-3707-A507-63615BA3ACC3}
	EndProjectSection
EndProject
Project("{8BC9CEB8-8B4A-11D0-8D11-00A0C91BC942}") = "LLVMMC", "third_party\llvm\build\lib\MC\LLVMMC.vcxproj", "{616D9B4A-D5F2-3E9F-A288-A370228886CF}"
EndProject
Project("{8BC9CEB8-8B4A-11D0-8D11-00A0C91BC942}") = "LLVMSupport", "third_party\llvm\build\lib\Support\LLVMSupport.vcxproj", "{1B6DE35F-3D0E-33F2-9EE5-E652306B35E9}"
EndProject
Project("{8BC9CEB8-8B4A-11D0-8D11-00A0C91BC942}") = "LLVMX86CodeGen", "third_party\llvm\build\lib\Target\X86\LLVMX86CodeGen.vcxproj", "{09CD010B-636E-3778-B2F1-91A134553CAF}"
	ProjectSection(ProjectDependencies) = postProject
		{EB8FC781-9B9D-3707-A507-63615BA3ACC3} = {EB8FC781-9B9D-3707-A507-63615BA3ACC3}
		{79AC9F7C-CFBD-3967-AB92-14F746A66CAE} = {79AC9F7C-CFBD-3967-AB92-14F746A66CAE}
	EndProjectSection
EndProject
Project("{8BC9CEB8-8B4A-11D0-8D11-00A0C91BC942}") = "LLVMX86Desc", "third_party\llvm\build\lib\Target\X86\MCTargetDesc\LLVMX86Desc.vcxproj", "{17EB19F7-0C60-366F-BFE4-EDF54F18CC40}"
	ProjectSection(ProjectDependencies) = postProject
		{EB8FC781-9B9D-3707-A507-63615BA3ACC3} = {EB8FC781-9B9D-3707-A507-63615BA3ACC3}
		{79AC9F7C-CFBD-3967-AB92-14F746A66CAE} = {79AC9F7C-CFBD-3967-AB92-14F746A66CAE}
	EndProjectSection
EndProject
Project("{8BC9CEB8-8B4A-11D0-8D11-00A0C91BC942}") = "LLVMX86Info", "third_party\llvm\build\lib\Target\X86\TargetInfo\LLVMX86Info.vcxproj", "{F4CDBFEA-4F7A-3498-9C00-2EC60461FB5E}"
	ProjectSection(ProjectDependencies) = postProject
		{EB8FC781-9B9D-3707-A507-63615BA3ACC3} = {EB8FC781-9B9D-3707-A507-63615BA3ACC3}
		{79AC9F7C-CFBD-3967-AB92-14F746A66CAE} = {79AC9F7C-CFBD-3967-AB92-14F746A66CAE}
	EndProjectSection
EndProject
Project("{8BC9CEB8-8B4A-11D0-8D11-00A0C91BC942}") = "LLVMRuntimeDyld", "third_party\llvm\build\lib\ExecutionEngine\RuntimeDyld\LLVMRuntimeDyld.vcxproj", "{1C3BC93B-6881-33C5-A70F-5F3E12A02161}"
	ProjectSection(ProjectDependencies) = postProject
		{EB8FC781-9B9D-3707-A507-63615BA3ACC3} = {EB8FC781-9B9D-3707-A507-63615BA3ACC3}
	EndProjectSection
EndProject
Project("{8BC9CEB8-8B4A-11D0-8D11-00A0C91BC942}") = "LLVMMCDisassembler", "third_party\llvm\build\lib\MC\MCDisassembler\LLVMMCDisassembler.vcxproj", "{00198C56-3306-3D6D-9425-6505BD2B96E0}"
EndProject
Project("{8BC9CEB8-8B4A-11D0-8D11-00A0C91BC942}") = "LLVMAsmPrinter", "third_party\llvm\build\lib\CodeGen\AsmPrinter\LLVMAsmPrinter.vcxproj", "{C18950A2-241D-3DC1-9E26-B675EF107029}"
	ProjectSection(ProjectDependencies) = postProject
		{EB8FC781-9B9D-3707-A507-63615BA3ACC3} = {EB8FC781-9B9D-3707-A507-63615BA3ACC3}
	EndProjectSection
EndProject
Project("{8BC9CEB8-8B4A-11D0-8D11-00A0C91BC942}") = "LLVMSelectionDAG", "third_party\llvm\build\lib\CodeGen\SelectionDAG\LLVMSelectionDAG.vcxproj", "{A2AF841A-B7C1-3621-A566-BF2D885EB445}"
	ProjectSection(ProjectDependencies) = postProject
		{EB8FC781-9B9D-3707-A507-63615BA3ACC3} = {EB8FC781-9B9D-3707-A507-63615BA3ACC3}
	EndProjectSection
EndProject
Project("{8BC9CEB8-8B4A-11D0-8D11-00A0C91BC942}") = "LLVMCodeGen", "third_party\llvm\build\lib\CodeGen\LLVMCodeGen.vcxproj", "{30E92302-99B7-3AC3-876F-D74609AFD71D}"
	ProjectSection(ProjectDependencies) = postProject
		{EB8FC781-9B9D-3707-A507-63615BA3ACC3} = {EB8FC781-9B9D-3707-A507-63615BA3ACC3}
	EndProjectSection
EndProject
Project("{8BC9CEB8-8B4A-11D0-8D11-00A0C91BC942}") = "LLVMTarget", "third_party\llvm\build\lib\Target\LLVMTarget.vcxproj", "{8B6929E2-6858-3C41-A4AA-69DF9CE3738D}"
	ProjectSection(ProjectDependencies) = postProject
		{EB8FC781-9B9D-3707-A507-63615BA3ACC3} = {EB8FC781-9B9D-3707-A507-63615BA3ACC3}
	EndProjectSection
EndProject
Project("{8BC9CEB8-8B4A-11D0-8D11-00A0C91BC942}") = "LLVMInstrumentation", "third_party\llvm\build\lib\Transforms\Instrumentation\LLVMInstrumentation.vcxproj", "{DC64F719-97C8-395F-96A4-0F7FCA5D4EE6}"
	ProjectSection(ProjectDependencies) = postProject
		{EB8FC781-9B9D-3707-A507-63615BA3ACC3} = {EB8FC781-9B9D-3707-A507-63615BA3ACC3}
	EndProjectSection
EndProject
Project("{8BC9CEB8-8B4A-11D0-8D11-00A0C91BC942}") = "LLVMScalarOpts", "third_party\llvm\build\lib\Transforms\Scalar\LLVMScalarOpts.vcxproj", "{6FC20DEF-FD4F-3726-AFA3-B45521566D07}"
	ProjectSection(ProjectDependencies) = postProject
		{EB8FC781-9B9D-3707-A507-63615BA3ACC3} = {EB8FC781-9B9D-3707-A507-63615BA3ACC3}
	EndProjectSection
EndProject
Project("{8BC9CEB8-8B4A-11D0-8D11-00A0C91BC942}") = "LLVMInstCombine", "third_party\llvm\build\lib\Transforms\InstCombine\LLVMInstCombine.vcxproj", "{659948E5-4B1A-3ED5-B7E5-65DB1C510CB9}"
	ProjectSection(ProjectDependencies) = postProject
		{EB8FC781-9B9D-3707-A507-63615BA3ACC3} = {EB8FC781-9B9D-3707-A507-63615BA3ACC3}
	EndProjectSection
EndProject
Project("{8BC9CEB8-8B4A-11D0-8D11-00A0C91BC942}") = "LLVMProfileData", "third_party\llvm\build\lib\ProfileData\LLVMProfileData.vcxproj", "{3632F5D8-8012-37EA-BC94-086FB806BF18}"
	ProjectSection(ProjectDependencies) = postProject
		{EB8FC781-9B9D-3707-A507-63615BA3ACC3} = {EB8FC781-9B9D-3707-A507-63615BA3ACC3}
	EndProjectSection
EndProject
Project("{8BC9CEB8-8B4A-11D0-8D11-00A0C91BC942}") = "LLVMObject", "third_party\llvm\build\lib\Object\LLVMObject.vcxproj", "{76D89157-C626-38DD-828F-1291B8FD2E39}"
	ProjectSection(ProjectDependencies) = postProject
		{EB8FC781-9B9D-3707-A507-63615BA3ACC3} = {EB8FC781-9B9D-3707-A507-63615BA3ACC3}
	EndProjectSection
EndProject
Project("{8BC9CEB8-8B4A-11D0-8D11-00A0C91BC942}") = "LLVMBitReader", "third_party\llvm\build\lib\Bitcode\Reader\LLVMBitReader.vcxproj", "{BCF213CE-B1C5-30AE-A479-5B70161E0413}"
	ProjectSection(ProjectDependencies) = postProject
		{EB8FC781-9B9D-3707-A507-63615BA3ACC3} = {EB8FC781-9B9D-3707-A507-63615BA3ACC3}
	EndProjectSection
EndProject
Project("{8BC9CEB8-8B4A-11D0-8D11-00A0C91BC942}") = "LLVMMCParser", "third_party\llvm\build\lib\MC\MCParser\LLVMMCParser.vcxproj", "{278AB36D-12B7-3C07-BC77-D394BACD98C7}"
EndProject
Project("{8BC9CEB8-8B4A-11D0-8D11-00A0C91BC942}") = "LLVMTransformUtils", "third_party\llvm\build\lib\Transforms\Utils\LLVMTransformUtils.vcxproj", "{F2A2F8CA-AD33-38A1-AD9B-CF2B41268266}"
	ProjectSection(ProjectDependencies) = postProject
		{EB8FC781-9B9D-3707-A507-63615BA3ACC3} = {EB8FC781-9B9D-3707-A507-63615BA3ACC3}
	EndProjectSection
EndProject
Project("{8BC9CEB8-8B4A-11D0-8D11-00A0C91BC942}") = "LLVMipa", "third_party\llvm\build\lib\Analysis\IPA\LLVMipa.vcxproj", "{B1535E38-E829-3604-B5CB-82EC3CB35FCD}"
	ProjectSection(ProjectDependencies) = postProject
		{EB8FC781-9B9D-3707-A507-63615BA3ACC3} = {EB8FC781-9B9D-3707-A507-63615BA3ACC3}
	EndProjectSection
EndProject
Project("{8BC9CEB8-8B4A-11D0-8D11-00A0C91BC942}") = "LLVMAnalysis", "third_party\llvm\build\lib\Analysis\LLVMAnalysis.vcxproj", "{D98DE2FC-D2F6-37A0-B5FA-A67BD4582B47}"
	ProjectSection(ProjectDependencies) = postProject
		{EB8FC781-9B9D-3707-A507-63615BA3ACC3} = {EB8FC781-9B9D-3707-A507-63615BA3ACC3}
	EndProjectSection
EndProject
Project("{8BC9CEB8-8B4A-11D0-8D11-00A0C91BC942}") = "LLVMX86AsmPrinter", "third_party\llvm\build\lib\Target\X86\InstPrinter\LLVMX86AsmPrinter.vcxproj", "{8E000BAC-48D0-3131-A0A6-EF8543FB956B}"
	ProjectSection(ProjectDependencies) = postProject
		{EB8FC781-9B9D-3707-A507-63615BA3ACC3} = {EB8FC781-9B9D-3707-A507-63615BA3ACC3}
		{79AC9F7C-CFBD-3967-AB92-14F746A66CAE} = {79AC9F7C-CFBD-3967-AB92-14F746A66CAE}
	EndProjectSection
EndProject
Project("{8BC9CEB8-8B4A-11D0-8D11-00A0C91BC942}") = "LLVMX86Utils", "third_party\llvm\build\lib\Target\X86\Utils\LLVMX86Utils.vcxproj", "{64F9CC58-4A16-3BD5-8CD2-4B82C2F136F4}"
	ProjectSection(ProjectDependencies) = postProject
		{EB8FC781-9B9D-3707-A507-63615BA3ACC3} = {EB8FC781-9B9D-3707-A507-63615BA3ACC3}
		{79AC9F7C-CFBD-3967-AB92-14F746A66CAE} = {79AC9F7C-CFBD-3967-AB92-14F746A66CAE}
	EndProjectSection
EndProject
Project("{8BC9CEB8-8B4A-11D0-8D11-00A0C91BC942}") = "intrinsics_gen", "third_party\llvm\build\include\llvm\IR\intrinsics_gen.vcxproj", "{EB8FC781-9B9D-3707-A507-63615BA3ACC3}"
	ProjectSection(ProjectDependencies) = postProject
		{D3DE7072-7E74-3F2F-8366-33F260228ACE} = {D3DE7072-7E74-3F2F-8366-33F260228ACE}
	EndProjectSection
EndProject
Project("{8BC9CEB8-8B4A-11D0-8D11-00A0C91BC942}") = "X86CommonTableGen", "third_party\llvm\build\lib\Target\X86\X86CommonTableGen.vcxproj", "{79AC9F7C-CFBD-3967-AB92-14F746A66CAE}"
	ProjectSection(ProjectDependencies) = postProject
		{D3DE7072-7E74-3F2F-8366-33F260228ACE} = {D3DE7072-7E74-3F2F-8366-33F260228ACE}
		{EB8FC781-9B9D-3707-A507-63615BA3ACC3} = {EB8FC781-9B9D-3707-A507-63615BA3ACC3}
	EndProjectSection
EndProject
Project("{8BC9CEB8-8B4A-11D0-8D11-00A0C91BC942}") = "llvm-tblgen", "third_party\llvm\build\utils\TableGen\llvm-tblgen.vcxproj", "{D3DE7072-7E74-3F2F-8366-33F260228ACE}"
	ProjectSection(ProjectDependencies) = postProject
		{A1D23F57-9204-3CFB-A3DA-FB7319A82EA6} = {A1D23F57-9204-3CFB-A3DA-FB7319A82EA6}
		{1B6DE35F-3D0E-33F2-9EE5-E652306B35E9} = {1B6DE35F-3D0E-33F2-9EE5-E652306B35E9}
	EndProjectSection
EndProject
Project("{8BC9CEB8-8B4A-11D0-8D11-00A0C91BC942}") = "LLVMTableGen", "third_party\llvm\build\lib\TableGen\LLVMTableGen.vcxproj", "{A1D23F57-9204-3CFB-A3DA-FB7319A82EA6}"
EndProject
Project("{8BC9CEB8-8B4A-11D0-8D11-00A0C91BC942}") = "llvm-demo", "src\llvm-demo.vcxproj", "{652AF43A-37D8-4A48-BEF6-A55529DF9334}"
	ProjectSection(ProjectDependencies) = postProject
		{D3DE7072-7E74-3F2F-8366-33F260228ACE} = {D3DE7072-7E74-3F2F-8366-33F260228ACE}
		{A1D23F57-9204-3CFB-A3DA-FB7319A82EA6} = {A1D23F57-9204-3CFB-A3DA-FB7319A82EA6}
		{09CD010B-636E-3778-B2F1-91A134553CAF} = {09CD010B-636E-3778-B2F1-91A134553CAF}
		{BED31B07-DE5E-350C-B93B-F8C985CF84F3} = {BED31B07-DE5E-350C-B93B-F8C985CF84F3}
		{278AB36D-12B7-3C07-BC77-D394BACD98C7} = {278AB36D-12B7-3C07-BC77-D394BACD98C7}
		{1B6DE35F-3D0E-33F2-9EE5-E652306B35E9} = {1B6DE35F-3D0E-33F2-9EE5-E652306B35E9}
		{3632F5D8-8012-37EA-BC94-086FB806BF18} = {3632F5D8-8012-37EA-BC94-086FB806BF18}
		{F4CDBFEA-4F7A-3498-9C00-2EC60461FB5E} = {F4CDBFEA-4F7A-3498-9C00-2EC60461FB5E}
		{60356310-C182-3EC7-B17D-B49B4208147E} = {60356310-C182-3EC7-B17D-B49B4208147E}
		{EB8FC781-9B9D-3707-A507-63615BA3ACC3} = {EB8FC781-9B9D-3707-A507-63615BA3ACC3}
		{6FC20DEF-FD4F-3726-AFA3-B45521566D07} = {6FC20DEF-FD4F-3726-AFA3-B45521566D07}
		{B1535E38-E829-3604-B5CB-82EC3CB35FCD} = {B1535E38-E829-3604-B5CB-82EC3CB35FCD}
		{2AAA74CE-5626-3267-A454-11F1035F8D36} = {2AAA74CE-5626-3267-A454-11F1035F8D36}
		{F2A2F8CA-AD33-38A1-AD9B-CF2B41268266} = {F2A2F8CA-AD33-38A1-AD9B-CF2B41268266}
		{616D9B4A-D5F2-3E9F-A288-A370228886CF} = {616D9B4A-D5F2-3E9F-A288-A370228886CF}
		{D98DE2FC-D2F6-37A0-B5FA-A67BD4582B47} = {D98DE2FC-D2F6-37A0-B5FA-A67BD4582B47}
		{8E000BAC-48D0-3131-A0A6-EF8543FB956B} = {8E000BAC-48D0-3131-A0A6-EF8543FB956B}
		{659948E5-4B1A-3ED5-B7E5-65DB1C510CB9} = {659948E5-4B1A-3ED5-B7E5-65DB1C510CB9}
		{00198C56-3306-3D6D-9425-6505BD2B96E0} = {00198C56-3306-3D6D-9425-6505BD2B96E0}
		{DC64F719-97C8-395F-96A4-0F7FCA5D4EE6} = {DC64F719-97C8-395F-96A4-0F7FCA5D4EE6}
		{64F9CC58-4A16-3BD5-8CD2-4B82C2F136F4} = {64F9CC58-4A16-3BD5-8CD2-4B82C2F136F4}
		{17EB19F7-0C60-366F-BFE4-EDF54F18CC40} = {17EB19F7-0C60-366F-BFE4-EDF54F18CC40}
		{BCF213CE-B1C5-30AE-A479-5B70161E0413} = {BCF213CE-B1C5-30AE-A479-5B70161E0413}
		{A2AF841A-B7C1-3621-A566-BF2D885EB445} = {A2AF841A-B7C1-3621-A566-BF2D885EB445}
		{79AC9F7C-CFBD-3967-AB92-14F746A66CAE} = {79AC9F7C-CFBD-3967-AB92-14F746A66CAE}
		{C18950A2-241D-3DC1-9E26-B675EF107029} = {C18950A2-241D-3DC1-9E26-B675EF107029}
		{30E92302-99B7-3AC3-876F-D74609AFD71D} = {30E92302-99B7-3AC3-876F-D74609AFD71D}
		{8B6929E2-6858-3C41-A4AA-69DF9CE3738D} = {8B6929E2-6858-3C41-A4AA-69DF9CE3738D}
		{1C3BC93B-6881-33C5-A70F-5F3E12A02161} = {1C3BC93B-6881-33C5-A70F-5F3E12A02161}
		{76D89157-C626-38DD-828F-1291B8FD2E39} = {76D89157-C626-38DD-828F-1291B8FD2E39}
	EndProjectSection
EndProject
Global
	GlobalSection(SolutionConfigurationPlatforms) = preSolution
		Debug|x64 = Debug|x64
		Debug|x86 = Debug|x86
		Release|x64 = Release|x64
		Release|x86 = Release|x86
	EndGlobalSection
	GlobalSection(ProjectConfigurationPlatforms) = postSolution
		{60356310-C182-3EC7-B17D-B49B4208147E}.Debug|x64.ActiveCfg = Debug|Win32
		{60356310-C182-3EC7-B17D-B49B4208147E}.Debug|x86.ActiveCfg = Debug|Win32
		{60356310-C182-3EC7-B17D-B49B4208147E}.Debug|x86.Build.0 = Debug|Win32
		{60356310-C182-3EC7-B17D-B49B4208147E}.Release|x64.ActiveCfg = Release|Win32
		{60356310-C182-3EC7-B17D-B49B4208147E}.Release|x86.ActiveCfg = Release|Win32
		{60356310-C182-3EC7-B17D-B49B4208147E}.Release|x86.Build.0 = Release|Win32
		{2AAA74CE-5626-3267-A454-11F1035F8D36}.Debug|x64.ActiveCfg = Debug|Win32
		{2AAA74CE-5626-3267-A454-11F1035F8D36}.Debug|x86.ActiveCfg = Debug|Win32
		{2AAA74CE-5626-3267-A454-11F1035F8D36}.Debug|x86.Build.0 = Debug|Win32
		{2AAA74CE-5626-3267-A454-11F1035F8D36}.Release|x64.ActiveCfg = Release|Win32
		{2AAA74CE-5626-3267-A454-11F1035F8D36}.Release|x86.ActiveCfg = Release|Win32
		{2AAA74CE-5626-3267-A454-11F1035F8D36}.Release|x86.Build.0 = Release|Win32
		{BED31B07-DE5E-350C-B93B-F8C985CF84F3}.Debug|x64.ActiveCfg = Debug|Win32
		{BED31B07-DE5E-350C-B93B-F8C985CF84F3}.Debug|x86.ActiveCfg = Debug|Win32
		{BED31B07-DE5E-350C-B93B-F8C985CF84F3}.Debug|x86.Build.0 = Debug|Win32
		{BED31B07-DE5E-350C-B93B-F8C985CF84F3}.Release|x64.ActiveCfg = Release|Win32
		{BED31B07-DE5E-350C-B93B-F8C985CF84F3}.Release|x86.ActiveCfg = Release|Win32
		{BED31B07-DE5E-350C-B93B-F8C985CF84F3}.Release|x86.Build.0 = Release|Win32
		{616D9B4A-D5F2-3E9F-A288-A370228886CF}.Debug|x64.ActiveCfg = Debug|Win32
		{616D9B4A-D5F2-3E9F-A288-A370228886CF}.Debug|x86.ActiveCfg = Debug|Win32
		{616D9B4A-D5F2-3E9F-A288-A370228886CF}.Debug|x86.Build.0 = Debug|Win32
		{616D9B4A-D5F2-3E9F-A288-A370228886CF}.Release|x64.ActiveCfg = Release|Win32
		{616D9B4A-D5F2-3E9F-A288-A370228886CF}.Release|x86.ActiveCfg = Release|Win32
		{616D9B4A-D5F2-3E9F-A288-A370228886CF}.Release|x86.Build.0 = Release|Win32
		{1B6DE35F-3D0E-33F2-9EE5-E652306B35E9}.Debug|x64.ActiveCfg = Debug|Win32
		{1B6DE35F-3D0E-33F2-9EE5-E652306B35E9}.Debug|x86.ActiveCfg = Debug|Win32
		{1B6DE35F-3D0E-33F2-9EE5-E652306B35E9}.Debug|x86.Build.0 = Debug|Win32
		{1B6DE35F-3D0E-33F2-9EE5-E652306B35E9}.Release|x64.ActiveCfg = Release|Win32
		{1B6DE35F-3D0E-33F2-9EE5-E652306B35E9}.Release|x86.ActiveCfg = Release|Win32
		{1B6DE35F-3D0E-33F2-9EE5-E652306B35E9}.Release|x86.Build.0 = Release|Win32
		{09CD010B-636E-3778-B2F1-91A134553CAF}.Debug|x64.ActiveCfg = Debug|Win32
		{09CD010B-636E-3778-B2F1-91A134553CAF}.Debug|x86.ActiveCfg = Debug|Win32
		{09CD010B-636E-3778-B2F1-91A134553CAF}.Debug|x86.Build.0 = Debug|Win32
		{09CD010B-636E-3778-B2F1-91A134553CAF}.Release|x64.ActiveCfg = Release|Win32
		{09CD010B-636E-3778-B2F1-91A134553CAF}.Release|x86.ActiveCfg = Release|Win32
		{09CD010B-636E-3778-B2F1-91A134553CAF}.Release|x86.Build.0 = Release|Win32
		{17EB19F7-0C60-366F-BFE4-EDF54F18CC40}.Debug|x64.ActiveCfg = Debug|Win32
		{17EB19F7-0C60-366F-BFE4-EDF54F18CC40}.Debug|x86.ActiveCfg = Debug|Win32
		{17EB19F7-0C60-366F-BFE4-EDF54F18CC40}.Debug|x86.Build.0 = Debug|Win32
		{17EB19F7-0C60-366F-BFE4-EDF54F18CC40}.Release|x64.ActiveCfg = Release|Win32
		{17EB19F7-0C60-366F-BFE4-EDF54F18CC40}.Release|x86.ActiveCfg = Release|Win32
		{17EB19F7-0C60-366F-BFE4-EDF54F18CC40}.Release|x86.Build.0 = Release|Win32
		{F4CDBFEA-4F7A-3498-9C00-2EC60461FB5E}.Debug|x64.ActiveCfg = Debug|Win32
		{F4CDBFEA-4F7A-3498-9C00-2EC60461FB5E}.Debug|x86.ActiveCfg = Debug|Win32
		{F4CDBFEA-4F7A-3498-9C00-2EC60461FB5E}.Debug|x86.Build.0 = Debug|Win32
		{F4CDBFEA-4F7A-3498-9C00-2EC60461FB5E}.Release|x64.ActiveCfg = Release|Win32
		{F4CDBFEA-4F7A-3498-9C00-2EC60461FB5E}.Release|x86.ActiveCfg = Release|Win32
		{F4CDBFEA-4F7A-3498-9C00-2EC60461FB5E}.Release|x86.Build.0 = Release|Win32
		{1C3BC93B-6881-33C5-A70F-5F3E12A02161}.Debug|x64.ActiveCfg = Debug|Win32
		{1C3BC93B-6881-33C5-A70F-5F3E12A02161}.Debug|x86.ActiveCfg = Debug|Win32
		{1C3BC93B-6881-33C5-A70F-5F3E12A02161}.Debug|x86.Build.0 = Debug|Win32
		{1C3BC93B-6881-33C5-A70F-5F3E12A02161}.Release|x64.ActiveCfg = Release|Win32
		{1C3BC93B-6881-33C5-A70F-5F3E12A02161}.Release|x86.ActiveCfg = Release|Win32
		{1C3BC93B-6881-33C5-A70F-5F3E12A02161}.Release|x86.Build.0 = Release|Win32
		{00198C56-3306-3D6D-9425-6505BD2B96E0}.Debug|x64.ActiveCfg = Debug|Win32
		{00198C56-3306-3D6D-9425-6505BD2B96E0}.Debug|x86.ActiveCfg = Debug|Win32
		{00198C56-3306-3D6D-9425-6505BD2B96E0}.Debug|x86.Build.0 = Debug|Win32
		{00198C56-3306-3D6D-9425-6505BD2B96E0}.Release|x64.ActiveCfg = Release|Win32
		{00198C56-3306-3D6D-9425-6505BD2B96E0}.Release|x86.ActiveCfg = Release|Win32
		{00198C56-3306-3D6D-9425-6505BD2B96E0}.Release|x86.Build.0 = Release|Win32
		{C18950A2-241D-3DC1-9E26-B675EF107029}.Debug|x64.ActiveCfg = Debug|Win32
		{C18950A2-241D-3DC1-9E26-B675EF107029}.Debug|x86.ActiveCfg = Debug|Win32
		{C18950A2-241D-3DC1-9E26-B675EF107029}.Debug|x86.Build.0 = Debug|Win32
		{C18950A2-241D-3DC1-9E26-B675EF107029}.Release|x64.ActiveCfg = Release|Win32
		{C18950A2-241D-3DC1-9E26-B675EF107029}.Release|x86.ActiveCfg = Release|Win32
		{C18950A2-241D-3DC1-9E26-B675EF107029}.Release|x86.Build.0 = Release|Win32
		{A2AF841A-B7C1-3621-A566-BF2D885EB445}.Debug|x64.ActiveCfg = Debug|Win32
		{A2AF841A-B7C1-3621-A566-BF2D885EB445}.Debug|x86.ActiveCfg = Debug|Win32
		{A2AF841A-B7C1-3621-A566-BF2D885EB445}.Debug|x86.Build.0 = Debug|Win32
		{A2AF841A-B7C1-3621-A566-BF2D885EB445}.Release|x64.ActiveCfg = Release|Win32
		{A2AF841A-B7C1-3621-A566-BF2D885EB445}.Release|x86.ActiveCfg = Release|Win32
		{A2AF841A-B7C1-3621-A566-BF2D885EB445}.Release|x86.Build.0 = Release|Win32
		{30E92302-99B7-3AC3-876F-D74609AFD71D}.Debug|x64.ActiveCfg = Debug|Win32
		{30E92302-99B7-3AC3-876F-D74609AFD71D}.Debug|x86.ActiveCfg = Debug|Win32
		{30E92302-99B7-3AC3-876F-D74609AFD71D}.Debug|x86.Build.0 = Debug|Win32
		{30E92302-99B7-3AC3-876F-D74609AFD71D}.Release|x64.ActiveCfg = Release|Win32
		{30E92302-99B7-3AC3-876F-D74609AFD71D}.Release|x86.ActiveCfg = Release|Win32
		{30E92302-99B7-3AC3-876F-D74609AFD71D}.Release|x86.Build.0 = Release|Win32
		{8B6929E2-6858-3C41-A4AA-69DF9CE3738D}.Debug|x64.ActiveCfg = Debug|Win32
		{8B6929E2-6858-3C41-A4AA-69DF9CE3738D}.Debug|x86.ActiveCfg = Debug|Win32
		{8B6929E2-6858-3C41-A4AA-69DF9CE3738D}.Debug|x86.Build.0 = Debug|Win32
		{8B6929E2-6858-3C41-A4AA-69DF9CE3738D}.Release|x64.ActiveCfg = Release|Win32
		{8B6929E2-6858-3C41-A4AA-69DF9CE3738D}.Release|x86.ActiveCfg = Release|Win32
		{8B6929E2-6858-3C41-A4AA-69DF9CE3738D}.Release|x86.Build.0 = Release|Win32
		{DC64F719-97C8-395F-96A4-0F7FCA5D4EE6}.Debug|x64.ActiveCfg = Debug|Win32
		{DC64F719-97C8-395F-96A4-0F7FCA5D4EE6}.Debug|x86.ActiveCfg = Debug|Win32
		{DC64F719-97C8-395F-96A4-0F7FCA5D4EE6}.Debug|x86.Build.0 = Debug|Win32
		{DC64F719-97C8-395F-96A4-0F7FCA5D4EE6}.Release|x64.ActiveCfg = Release|Win32
		{DC64F719-97C8-395F-96A4-0F7FCA5D4EE6}.Release|x86.ActiveCfg = Release|Win32
		{DC64F719-97C8-395F-96A4-0F7FCA5D4EE6}.Release|x86.Build.0 = Release|Win32
		{6FC20DEF-FD4F-3726-AFA3-B45521566D07}.Debug|x64.ActiveCfg = Debug|Win32
		{6FC20DEF-FD4F-3726-AFA3-B45521566D07}.Debug|x86.ActiveCfg = Debug|Win32
		{6FC20DEF-FD4F-3726-AFA3-B45521566D07}.Debug|x86.Build.0 = Debug|Win32
		{6FC20DEF-FD4F-3726-AFA3-B45521566D07}.Release|x64.ActiveCfg = Release|Win32
		{6FC20DEF-FD4F-3726-AFA3-B45521566D07}.Release|x86.ActiveCfg = Release|Win32
		{6FC20DEF-FD4F-3726-AFA3-B45521566D07}.Release|x86.Build.0 = Release|Win32
		{659948E5-4B1A-3ED5-B7E5-65DB1C510CB9}.Debug|x64.ActiveCfg = Debug|Win32
		{659948E5-4B1A-3ED5-B7E5-65DB1C510CB9}.Debug|x86.ActiveCfg = Debug|Win32
		{659948E5-4B1A-3ED5-B7E5-65DB1C510CB9}.Debug|x86.Build.0 = Debug|Win32
		{659948E5-4B1A-3ED5-B7E5-65DB1C510CB9}.Release|x64.ActiveCfg = Release|Win32
		{659948E5-4B1A-3ED5-B7E5-65DB1C510CB9}.Release|x86.ActiveCfg = Release|Win32
		{659948E5-4B1A-3ED5-B7E5-65DB1C510CB9}.Release|x86.Build.0 = Release|Win32
		{3632F5D8-8012-37EA-BC94-086FB806BF18}.Debug|x64.ActiveCfg = Debug|Win32
		{3632F5D8-8012-37EA-BC94-086FB806BF18}.Debug|x86.ActiveCfg = Debug|Win32
		{3632F5D8-8012-37EA-BC94-086FB806BF18}.Debug|x86.Build.0 = Debug|Win32
		{3632F5D8-8012-37EA-BC94-086FB806BF18}.Release|x64.ActiveCfg = Release|Win32
		{3632F5D8-8012-37EA-BC94-086FB806BF18}.Release|x86.ActiveCfg = Release|Win32
		{3632F5D8-8012-37EA-BC94-086FB806BF18}.Release|x86.Build.0 = Release|Win32
		{76D89157-C626-38DD-828F-1291B8FD2E39}.Debug|x64.ActiveCfg = Debug|Win32
		{76D89157-C626-38DD-828F-1291B8FD2E39}.Debug|x86.ActiveCfg = Debug|Win32
		{76D89157-C626-38DD-828F-1291B8FD2E39}.Debug|x86.Build.0 = Debug|Win32
		{76D89157-C626-38DD-828F-1291B8FD2E39}.Release|x64.ActiveCfg = Release|Win32
		{76D89157-C626-38DD-828F-1291B8FD2E39}.Release|x86.ActiveCfg = Release|Win32
		{76D89157-C626-38DD-828F-1291B8FD2E39}.Release|x86.Build.0 = Release|Win32
		{BCF213CE-B1C5-30AE-A479-5B70161E0413}.Debug|x64.ActiveCfg = Debug|Win32
		{BCF213CE-B1C5-30AE-A479-5B70161E0413}.Debug|x86.ActiveCfg = Debug|Win32
		{BCF213CE-B1C5-30AE-A479-5B70161E0413}.Debug|x86.Build.0 = Debug|Win32
		{BCF213CE-B1C5-30AE-A479-5B70161E0413}.Release|x64.ActiveCfg = Release|Win32
		{BCF213CE-B1C5-30AE-A479-5B70161E0413}.Release|x86.ActiveCfg = Release|Win32
		{BCF213CE-B1C5-30AE-A479-5B70161E0413}.Release|x86.Build.0 = Release|Win32
		{278AB36D-12B7-3C07-BC77-D394BACD98C7}.Debug|x64.ActiveCfg = Debug|Win32
		{278AB36D-12B7-3C07-BC77-D394BACD98C7}.Debug|x86.ActiveCfg = Debug|Win32
		{278AB36D-12B7-3C07-BC77-D394BACD98C7}.Debug|x86.Build.0 = Debug|Win32
		{278AB36D-12B7-3C07-BC77-D394BACD98C7}.Release|x64.ActiveCfg = Release|Win32
		{278AB36D-12B7-3C07-BC77-D394BACD98C7}.Release|x86.ActiveCfg = Release|Win32
		{278AB36D-12B7-3C07-BC77-D394BACD98C7}.Release|x86.Build.0 = Release|Win32
		{F2A2F8CA-AD33-38A1-AD9B-CF2B41268266}.Debug|x64.ActiveCfg = Debug|Win32
		{F2A2F8CA-AD33-38A1-AD9B-CF2B41268266}.Debug|x86.ActiveCfg = Debug|Win32
		{F2A2F8CA-AD33-38A1-AD9B-CF2B41268266}.Debug|x86.Build.0 = Debug|Win32
		{F2A2F8CA-AD33-38A1-AD9B-CF2B41268266}.Release|x64.ActiveCfg = Release|Win32
		{F2A2F8CA-AD33-38A1-AD9B-CF2B41268266}.Release|x86.ActiveCfg = Release|Win32
		{F2A2F8CA-AD33-38A1-AD9B-CF2B41268266}.Release|x86.Build.0 = Release|Win32
		{B1535E38-E829-3604-B5CB-82EC3CB35FCD}.Debug|x64.ActiveCfg = Debug|Win32
		{B1535E38-E829-3604-B5CB-82EC3CB35FCD}.Debug|x86.ActiveCfg = Debug|Win32
		{B1535E38-E829-3604-B5CB-82EC3CB35FCD}.Debug|x86.Build.0 = Debug|Win32
		{B1535E38-E829-3604-B5CB-82EC3CB35FCD}.Release|x64.ActiveCfg = Release|Win32
		{B1535E38-E829-3604-B5CB-82EC3CB35FCD}.Release|x86.ActiveCfg = Release|Win32
		{B1535E38-E829-3604-B5CB-82EC3CB35FCD}.Release|x86.Build.0 = Release|Win32
		{D98DE2FC-D2F6-37A0-B5FA-A67BD4582B47}.Debug|x64.ActiveCfg = Debug|Win32
		{D98DE2FC-D2F6-37A0-B5FA-A67BD4582B47}.Debug|x86.ActiveCfg = Debug|Win32
		{D98DE2FC-D2F6-37A0-B5FA-A67BD4582B47}.Debug|x86.Build.0 = Debug|Win32
		{D98DE2FC-D2F6-37A0-B5FA-A67BD4582B47}.Release|x64.ActiveCfg = Release|Win32
		{D98DE2FC-D2F6-37A0-B5FA-A67BD4582B47}.Release|x86.ActiveCfg = Release|Win32
		{D98DE2FC-D2F6-37A0-B5FA-A67BD4582B47}.Release|x86.Build.0 = Release|Win32
		{8E000BAC-48D0-3131-A0A6-EF8543FB956B}.Debug|x64.ActiveCfg = Debug|Win32
		{8E000BAC-48D0-3131-A0A6-EF8543FB956B}.Debug|x86.ActiveCfg = Debug|Win32
		{8E000BAC-48D0-3131-A0A6-EF8543FB956B}.Debug|x86.Build.0 = Debug|Win32
		{8E000BAC-48D0-3131-A0A6-EF8543FB956B}.Release|x64.ActiveCfg = Release|Win32
		{8E000BAC-48D0-3131-A0A6-EF8543FB956B}.Release|x86.ActiveCfg = Release|Win32
		{8E000BAC-48D0-3131-A0A6-EF8543FB956B}.Release|x86.Build.0 = Release|Win32
		{64F9CC58-4A16-3BD5-8CD2-4B82C2F136F4}.Debug|x64.ActiveCfg = Debug|Win32
		{64F9CC58-4A16-3BD5-8CD2-4B82C2F136F4}.Debug|x86.ActiveCfg = Debug|Win32
		{64F9CC58-4A16-3BD5-8CD2-4B82C2F136F4}.Debug|x86.Build.0 = Debug|Win32
		{64F9CC58-4A16-3BD5-8CD2-4B82C2F136F4}.Release|x64.ActiveCfg = Release|Win32
		{64F9CC58-4A16-3BD5-8CD2-4B82C2F136F4}.Release|x86.ActiveCfg = Release|Win32
		{64F9CC58-4A16-3BD5-8CD2-4B82C2F136F4}.Release|x86.Build.0 = Release|Win32
		{EB8FC781-9B9D-3707-A507-63615BA3ACC3}.Debug|x64.ActiveCfg = Debug|Win32
		{EB8FC781-9B9D-3707-A507-63615BA3ACC3}.Debug|x86.ActiveCfg = Debug|Win32
		{EB8FC781-9B9D-3707-A507-63615BA3ACC3}.Debug|x86.Build.0 = Debug|Win32
		{EB8FC781-9B9D-3707-A507-63615BA3ACC3}.Release|x64.ActiveCfg = Release|Win32
		{EB8FC781-9B9D-3707-A507-63615BA3ACC3}.Release|x86.ActiveCfg = Release|Win32
		{EB8FC781-9B9D-3707-A507-63615BA3ACC3}.Release|x86.Build.0 = Release|Win32
		{79AC9F7C-CFBD-3967-AB92-14F746A66CAE}.Debug|x64.ActiveCfg = Debug|Win32
		{79AC9F7C-CFBD-3967-AB92-14F746A66CAE}.Debug|x86.ActiveCfg = Debug|Win32
		{79AC9F7C-CFBD-3967-AB92-14F746A66CAE}.Debug|x86.Build.0 = Debug|Win32
		{79AC9F7C-CFBD-3967-AB92-14F746A66CAE}.Release|x64.ActiveCfg = Release|Win32
		{79AC9F7C-CFBD-3967-AB92-14F746A66CAE}.Release|x86.ActiveCfg = Release|Win32
		{79AC9F7C-CFBD-3967-AB92-14F746A66CAE}.Release|x86.Build.0 = Release|Win32
		{D3DE7072-7E74-3F2F-8366-33F260228ACE}.Debug|x64.ActiveCfg = Debug|Win32
		{D3DE7072-7E74-3F2F-8366-33F260228ACE}.Debug|x86.ActiveCfg = Debug|Win32
		{D3DE7072-7E74-3F2F-8366-33F260228ACE}.Debug|x86.Build.0 = Debug|Win32
		{D3DE7072-7E74-3F2F-8366-33F260228ACE}.Release|x64.ActiveCfg = Release|Win32
		{D3DE7072-7E74-3F2F-8366-33F260228ACE}.Release|x86.ActiveCfg = Release|Win32
		{D3DE7072-7E74-3F2F-8366-33F260228ACE}.Release|x86.Build.0 = Release|Win32
		{A1D23F57-9204-3CFB-A3DA-FB7319A82EA6}.Debug|x64.ActiveCfg = Debug|Win32
		{A1D23F57-9204-3CFB-A3DA-FB7319A82EA6}.Debug|x86.ActiveCfg = Debug|Win32
		{A1D23F57-9204-3CFB-A3DA-FB7319A82EA6}.Debug|x86.Build.0 = Debug|Win32
		{A1D23F57-9204-3CFB-A3DA-FB7319A82EA6}.Release|x64.ActiveCfg = Release|Win32
		{A1D23F57-9204-3CFB-A3DA-FB7319A82EA6}.Release|x86.ActiveCfg = Release|Win32
		{A1D23F57-9204-3CFB-A3DA-FB7319A82EA6}.Release|x86.Build.0 = Release|Win32
		{652AF43A-37D8-4A48-BEF6-A55529DF9334}.Debug|x64.ActiveCfg = Debug|x64
		{652AF43A-37D8-4A48-BEF6-A55529DF9334}.Debug|x64.Build.0 = Debug|x64
		{652AF43A-37D8-4A48-BEF6-A55529DF9334}.Debug|x86.ActiveCfg = Debug|Win32
		{652AF43A-37D8-4A48-BEF6-A55529DF9334}.Debug|x86.Build.0 = Debug|Win32
		{652AF43A-37D8-4A48-BEF6-A55529DF9334}.Release|x64.ActiveCfg = Release|x64
		{652AF43A-37D8-4A48-BEF6-A55529DF9334}.Release|x64.Build.0 = Release|x64
		{652AF43A-37D8-4A48-BEF6-A55529DF9334}.Release|x86.ActiveCfg = Release|Win32
		{652AF43A-37D8-4A48-BEF6-A55529DF9334}.Release|x86.Build.0 = Release|Win32
	EndGlobalSection
	GlobalSection(SolutionProperties) = preSolution
		HideSolutionNode = FALSE
	EndGlobalSection
	GlobalSection(NestedProjects) = preSolution
		{60356310-C182-3EC7-B17D-B49B4208147E} = {F7BA22B0-A782-4CF5-ACEB-2B1A74076561}
		{2AAA74CE-5626-3267-A454-11F1035F8D36} = {F7BA22B0-A782-4CF5-ACEB-2B1A74076561}
		{BED31B07-DE5E-350C-B93B-F8C985CF84F3} = {F7BA22B0-A782-4CF5-ACEB-2B1A74076561}
		{616D9B4A-D5F2-3E9F-A288-A370228886CF} = {F7BA22B0-A782-4CF5-ACEB-2B1A74076561}
		{1B6DE35F-3D0E-33F2-9EE5-E652306B35E9} = {F7BA22B0-A782-4CF5-ACEB-2B1A74076561}
		{09CD010B-636E-3778-B2F1-91A134553CAF} = {F7BA22B0-A782-4CF5-ACEB-2B1A74076561}
		{17EB19F7-0C60-366F-BFE4-EDF54F18CC40} = {F7BA22B0-A782-4CF5-ACEB-2B1A74076561}
		{F4CDBFEA-4F7A-3498-9C00-2EC60461FB5E} = {F7BA22B0-A782-4CF5-ACEB-2B1A74076561}
		{1C3BC93B-6881-33C5-A70F-5F3E12A02161} = {F7BA22B0-A782-4CF5-ACEB-2B1A74076561}
		{00198C56-3306-3D6D-9425-6505BD2B96E0} = {F7BA22B0-A782-4CF5-ACEB-2B1A74076561}
		{C18950A2-241D-3DC1-9E26-B675EF107029} = {F7BA22B0-A782-4CF5-ACEB-2B1A74076561}
		{A2AF841A-B7C1-3621-A566-BF2D885EB445} = {F7BA22B0-A782-4CF5-ACEB-2B1A74076561}
		{30E92302-99B7-3AC3-876F-D74609AFD71D} = {F7BA22B0-A782-4CF5-ACEB-2B1A74076561}
		{8B6929E2-6858-3C41-A4AA-69DF9CE3738D} = {F7BA22B0-A782-4CF5-ACEB-2B1A74076561}
		{DC64F719-97C8-395F-96A4-0F7FCA5D4EE6} = {F7BA22B0-A782-4CF5-ACEB-2B1A74076561}
		{6FC20DEF-FD4F-3726-AFA3-B45521566D07} = {F7BA22B0-A782-4CF5-ACEB-2B1A74076561}
		{659948E5-4B1A-3ED5-B7E5-65DB1C510CB9} = {F7BA22B0-A782-4CF5-ACEB-2B1A74076561}
		{3632F5D8-8012-37EA-BC94-086FB806BF18} = {F7BA22B0-A782-4CF5-ACEB-2B1A74076561}
		{76D89157-C626-38DD-828F-1291B8FD2E39} = {F7BA22B0-A782-4CF5-ACEB-2B1A74076561}
		{BCF213CE-B1C5-30AE-A479-5B70161E0413} = {F7BA22B0-A782-4CF5-ACEB-2B1A74076561}
		{278AB36D-12B7-3C07-BC77-D394BACD98C7} = {F7BA22B0-A782-4CF5-ACEB-2B1A74076561}
		{F2A2F8CA-AD33-38A1-AD9B-CF2B41268266} = {F7BA22B0-A782-4CF5-ACEB-2B1A74076561}
		{B1535E38-E829-3604-B5CB-82EC3CB35FCD} = {F7BA22B0-A782-4CF5-ACEB-2B1A74076561}
		{D98DE2FC-D2F6-37A0-B5FA-A67BD4582B47} = {F7BA22B0-A782-4CF5-ACEB-2B1A74076561}
		{8E000BAC-48D0-3131-A0A6-EF8543FB956B} = {F7BA22B0-A782-4CF5-ACEB-2B1A74076561}
		{64F9CC58-4A16-3BD5-8CD2-4B82C2F136F4} = {F7BA22B0-A782-4CF5-ACEB-2B1A74076561}
		{EB8FC781-9B9D-3707-A507-63615BA3ACC3} = {F7BA22B0-A782-4CF5-ACEB-2B1A74076561}
		{79AC9F7C-CFBD-3967-AB92-14F746A66CAE} = {F7BA22B0-A782-4CF5-ACEB-2B1A74076561}
		{D3DE7072-7E74-3F2F-8366-33F260228ACE} = {F7BA22B0-A782-4CF5-ACEB-2B1A74076561}
		{A1D23F57-9204-3CFB-A3DA-FB7319A82EA6} = {F7BA22B0-A782-4CF5-ACEB-2B1A74076561}
	EndGlobalSection
EndGlobal
